PODS:
  - Expecta (1.0.5)
  - UICountingLabel (1.4.1)

DEPENDENCIES:
  - Expecta
  - UICountingLabel (~> 1.4.1)

SPEC CHECKSUMS:
  Expecta: e1c022fcd33910b6be89c291d2775b3fe27a89fe
  UICountingLabel: faf890b505d96312e324a86718f031fafffb0ccb

PODFILE CHECKSUM: de6be598c24bcfa6bcb5d22972adde29af718156

COCOAPODS: 1.3.1
