PODS:
  - Expecta (1.0.6)
  - UICountingLabel (1.4.1)

DEPENDENCIES:
  - Expecta
  - UICountingLabel (~> 1.4.1)

SPEC CHECKSUMS:
  Expecta: 3b6bd90a64b9a1dcb0b70aa0e10a7f8f631667d5
  UICountingLabel: faf890b505d96312e324a86718f031fafffb0ccb

PODFILE CHECKSUM: de6be598c24bcfa6bcb5d22972adde29af718156

COCOAPODS: 1.4.0
