// !$*UTF8*$!
{
	archiveVersion = 1;
	classes = {
	};
	objectVersion = 46;
	objects = {

/* Begin PBXBuildFile section */
		0A143B53182B665000332B62 /* QuartzCore.framework in Frameworks */ = {isa = PBXBuildFile; fileRef = 0A143B52182B665000332B62 /* QuartzCore.framework */; };
		0A2922881A423FB300A42BC4 /* PNScatterChart.m in Sources */ = {isa = PBXBuildFile; fileRef = 0A2922831A423FB300A42BC4 /* PNScatterChart.m */; };
		0A2922891A423FB300A42BC4 /* PNScatterChartData.m in Sources */ = {isa = PBXBuildFile; fileRef = 0A2922851A423FB300A42BC4 /* PNScatterChartData.m */; };
		0A29228A1A423FB300A42BC4 /* PNScatterChartDataItem.m in Sources */ = {isa = PBXBuildFile; fileRef = 0A2922871A423FB300A42BC4 /* PNScatterChartDataItem.m */; };
		0AF7A868182AA9F6003645C4 /* Foundation.framework in Frameworks */ = {isa = PBXBuildFile; fileRef = 0AF7A867182AA9F6003645C4 /* Foundation.framework */; };
		0AF7A86A182AA9F6003645C4 /* CoreGraphics.framework in Frameworks */ = {isa = PBXBuildFile; fileRef = 0AF7A869182AA9F6003645C4 /* CoreGraphics.framework */; };
		0AF7A86C182AA9F6003645C4 /* UIKit.framework in Frameworks */ = {isa = PBXBuildFile; fileRef = 0AF7A86B182AA9F6003645C4 /* UIKit.framework */; };
		0AF7A872182AA9F6003645C4 /* InfoPlist.strings in Resources */ = {isa = PBXBuildFile; fileRef = 0AF7A870182AA9F6003645C4 /* InfoPlist.strings */; };
		0AF7A874182AA9F6003645C4 /* main.m in Sources */ = {isa = PBXBuildFile; fileRef = 0AF7A873182AA9F6003645C4 /* main.m */; };
		0AF7A878182AA9F6003645C4 /* PCAppDelegate.m in Sources */ = {isa = PBXBuildFile; fileRef = 0AF7A877182AA9F6003645C4 /* PCAppDelegate.m */; };
		0AF7A87B182AA9F6003645C4 /* Main.storyboard in Resources */ = {isa = PBXBuildFile; fileRef = 0AF7A879182AA9F6003645C4 /* Main.storyboard */; };
		0AF7A880182AA9F6003645C4 /* Images.xcassets in Resources */ = {isa = PBXBuildFile; fileRef = 0AF7A87F182AA9F6003645C4 /* Images.xcassets */; };
		0AF7A8AF182AAEEF003645C4 /* PCChartViewController.m in Sources */ = {isa = PBXBuildFile; fileRef = 0AF7A8AE182AAEEF003645C4 /* PCChartViewController.m */; };
		328683044172E06381688760 /* libPods-PNChartTests.a in Frameworks */ = {isa = PBXBuildFile; fileRef = B2F25E2A7190F17C68FAD851 /* libPods-PNChartTests.a */; };
		34E17F221C2464FB00DBC20B /* Default-568h@2x.png in Resources */ = {isa = PBXBuildFile; fileRef = 34E17F211C2464FB00DBC20B /* Default-568h@2x.png */; };
		37B1E99EED46F3CDD1FF0AC6 /* libPods-PNChartDemo.a in Frameworks */ = {isa = PBXBuildFile; fileRef = B1ECCEE3BE8D22B46D7568CA /* libPods-PNChartDemo.a */; };
		3ED57DE0204F0C44003D6796 /* PNChart.h in Headers */ = {isa = PBXBuildFile; fileRef = 3ED57DDE204F0C44003D6796 /* PNChart.h */; settings = {ATTRIBUTES = (Public, ); }; };
		3ED57DE3204F0C44003D6796 /* PNChart.framework in Frameworks */ = {isa = PBXBuildFile; fileRef = 3ED57DDC204F0C44003D6796 /* PNChart.framework */; };
		3ED57DE4204F0C44003D6796 /* PNChart.framework in Embed Frameworks */ = {isa = PBXBuildFile; fileRef = 3ED57DDC204F0C44003D6796 /* PNChart.framework */; settings = {ATTRIBUTES = (CodeSignOnCopy, RemoveHeadersOnCopy, ); }; };
		3ED57DE9204F0C52003D6796 /* UIKit.framework in Frameworks */ = {isa = PBXBuildFile; fileRef = 0AF7A86B182AA9F6003645C4 /* UIKit.framework */; };
		3ED57DEA204F0C5A003D6796 /* Foundation.framework in Frameworks */ = {isa = PBXBuildFile; fileRef = 0AF7A867182AA9F6003645C4 /* Foundation.framework */; };
		3ED57DEB204F0C5D003D6796 /* QuartzCore.framework in Frameworks */ = {isa = PBXBuildFile; fileRef = 0A143B52182B665000332B62 /* QuartzCore.framework */; };
		3ED57DEC204F0C70003D6796 /* CoreGraphics.framework in Frameworks */ = {isa = PBXBuildFile; fileRef = 0AF7A869182AA9F6003645C4 /* CoreGraphics.framework */; };
		3ED57DED204F0CA2003D6796 /* PNScatterChart.h in Headers */ = {isa = PBXBuildFile; fileRef = 0A2922821A423FB300A42BC4 /* PNScatterChart.h */; settings = {ATTRIBUTES = (Public, ); }; };
		3ED57DEE204F0CA2003D6796 /* PNScatterChartData.h in Headers */ = {isa = PBXBuildFile; fileRef = 0A2922841A423FB300A42BC4 /* PNScatterChartData.h */; settings = {ATTRIBUTES = (Public, ); }; };
		3ED57DEF204F0CA2003D6796 /* PNScatterChartDataItem.h in Headers */ = {isa = PBXBuildFile; fileRef = 0A2922861A423FB300A42BC4 /* PNScatterChartDataItem.h */; settings = {ATTRIBUTES = (Public, ); }; };
		3ED57DF0204F0CA2003D6796 /* PNChartDelegate.h in Headers */ = {isa = PBXBuildFile; fileRef = 9FE15DE7190BB014004129F5 /* PNChartDelegate.h */; settings = {ATTRIBUTES = (Public, ); }; };
		3ED57DF1204F0CA2003D6796 /* PNChartLabel.h in Headers */ = {isa = PBXBuildFile; fileRef = 9FE15DE8190BB014004129F5 /* PNChartLabel.h */; settings = {ATTRIBUTES = (Public, ); }; };
		3ED57DF2204F0CA2003D6796 /* PNColor.h in Headers */ = {isa = PBXBuildFile; fileRef = 9FE15DED190BB014004129F5 /* PNColor.h */; settings = {ATTRIBUTES = (Public, ); }; };
		3ED57DF3204F0CA2003D6796 /* PNBar.h in Headers */ = {isa = PBXBuildFile; fileRef = 91177EC8198DFAC400017E27 /* PNBar.h */; settings = {ATTRIBUTES = (Public, ); }; };
		3ED57DF4204F0CA2003D6796 /* PNBarChart.h in Headers */ = {isa = PBXBuildFile; fileRef = 91177ECA198DFAC400017E27 /* PNBarChart.h */; settings = {ATTRIBUTES = (Public, ); }; };
		3ED57DF5204F0CA2003D6796 /* PNCircleChart.h in Headers */ = {isa = PBXBuildFile; fileRef = 91177ECC198DFAC400017E27 /* PNCircleChart.h */; settings = {ATTRIBUTES = (Public, ); }; };
		3ED57DF6204F0CA2003D6796 /* PNLineChart.h in Headers */ = {isa = PBXBuildFile; fileRef = 91177ECE198DFAC400017E27 /* PNLineChart.h */; settings = {ATTRIBUTES = (Public, ); }; };
		3ED57DF7204F0CA2003D6796 /* PNLineChartData.h in Headers */ = {isa = PBXBuildFile; fileRef = 91177ED0198DFAC400017E27 /* PNLineChartData.h */; settings = {ATTRIBUTES = (Public, ); }; };
		3ED57DF8204F0CA2003D6796 /* PNLineChartDataItem.h in Headers */ = {isa = PBXBuildFile; fileRef = 91177ED2198DFAC400017E27 /* PNLineChartDataItem.h */; settings = {ATTRIBUTES = (Public, ); }; };
		3ED57DF9204F0CA2003D6796 /* PNPieChart.h in Headers */ = {isa = PBXBuildFile; fileRef = 91177ED4198DFAC400017E27 /* PNPieChart.h */; settings = {ATTRIBUTES = (Public, ); }; };
		3ED57DFA204F0CA2003D6796 /* PNPieChartDataItem.h in Headers */ = {isa = PBXBuildFile; fileRef = 91177ED6198DFAC400017E27 /* PNPieChartDataItem.h */; settings = {ATTRIBUTES = (Public, ); }; };
		3ED57DFB204F0CA2003D6796 /* PNGenericChart.h in Headers */ = {isa = PBXBuildFile; fileRef = A9C75FA41A9F1DA900A54638 /* PNGenericChart.h */; settings = {ATTRIBUTES = (Public, ); }; };
		3ED57DFC204F0CA2003D6796 /* PNRadarChart.h in Headers */ = {isa = PBXBuildFile; fileRef = ABD79D001B43700800A7C300 /* PNRadarChart.h */; settings = {ATTRIBUTES = (Public, ); }; };
		3ED57DFD204F0CA2003D6796 /* PNRadarChartDataItem.h in Headers */ = {isa = PBXBuildFile; fileRef = ABD79D031B43CF8000A7C300 /* PNRadarChartDataItem.h */; settings = {ATTRIBUTES = (Public, ); }; };
		3ED57DFE204F0CFF003D6796 /* PNScatterChart.m in Sources */ = {isa = PBXBuildFile; fileRef = 0A2922831A423FB300A42BC4 /* PNScatterChart.m */; };
		3ED57DFF204F0CFF003D6796 /* PNScatterChartData.m in Sources */ = {isa = PBXBuildFile; fileRef = 0A2922851A423FB300A42BC4 /* PNScatterChartData.m */; };
		3ED57E00204F0CFF003D6796 /* PNScatterChartDataItem.m in Sources */ = {isa = PBXBuildFile; fileRef = 0A2922871A423FB300A42BC4 /* PNScatterChartDataItem.m */; };
		3ED57E01204F0CFF003D6796 /* PNChartLabel.m in Sources */ = {isa = PBXBuildFile; fileRef = 9FE15DE9190BB014004129F5 /* PNChartLabel.m */; };
		3ED57E02204F0CFF003D6796 /* PNColor.m in Sources */ = {isa = PBXBuildFile; fileRef = 9FE15DEE190BB014004129F5 /* PNColor.m */; };
		3ED57E03204F0CFF003D6796 /* PNBar.m in Sources */ = {isa = PBXBuildFile; fileRef = 91177EC9198DFAC400017E27 /* PNBar.m */; };
		3ED57E04204F0CFF003D6796 /* PNBarChart.m in Sources */ = {isa = PBXBuildFile; fileRef = 5C9B4AA21B05BBCB00093EBE /* PNBarChart.m */; };
		3ED57E05204F0CFF003D6796 /* PNCircleChart.m in Sources */ = {isa = PBXBuildFile; fileRef = 91177ECD198DFAC400017E27 /* PNCircleChart.m */; };
		3ED57E06204F0CFF003D6796 /* PNLineChart.m in Sources */ = {isa = PBXBuildFile; fileRef = 91177ECF198DFAC400017E27 /* PNLineChart.m */; };
		3ED57E07204F0CFF003D6796 /* PNLineChartData.m in Sources */ = {isa = PBXBuildFile; fileRef = 91177ED1198DFAC400017E27 /* PNLineChartData.m */; };
		3ED57E08204F0CFF003D6796 /* PNLineChartDataItem.m in Sources */ = {isa = PBXBuildFile; fileRef = 91177ED3198DFAC400017E27 /* PNLineChartDataItem.m */; };
		3ED57E09204F0CFF003D6796 /* PNPieChart.m in Sources */ = {isa = PBXBuildFile; fileRef = 91177ED5198DFAC400017E27 /* PNPieChart.m */; };
		3ED57E0A204F0CFF003D6796 /* PNPieChartDataItem.m in Sources */ = {isa = PBXBuildFile; fileRef = 91177ED7198DFAC400017E27 /* PNPieChartDataItem.m */; };
		3ED57E0B204F0CFF003D6796 /* PNGenericChart.m in Sources */ = {isa = PBXBuildFile; fileRef = A9C75FA51A9F1DA900A54638 /* PNGenericChart.m */; };
		3ED57E0C204F0CFF003D6796 /* PNRadarChart.m in Sources */ = {isa = PBXBuildFile; fileRef = ABD79D011B43700800A7C300 /* PNRadarChart.m */; };
		3ED57E0D204F0CFF003D6796 /* PNRadarChartDataItem.m in Sources */ = {isa = PBXBuildFile; fileRef = ABD79D041B43CF8000A7C300 /* PNRadarChartDataItem.m */; };
		3ED57E10204F0DC4003D6796 /* UICountingLabel.m in Sources */ = {isa = PBXBuildFile; fileRef = 3ED57E0E204F0DC4003D6796 /* UICountingLabel.m */; };
		3ED57E11204F0DC4003D6796 /* UICountingLabel.h in Headers */ = {isa = PBXBuildFile; fileRef = 3ED57E0F204F0DC4003D6796 /* UICountingLabel.h */; settings = {ATTRIBUTES = (Public, ); }; };
		5C9B4AA31B05BBCB00093EBE /* PNBarChart.m in Sources */ = {isa = PBXBuildFile; fileRef = 5C9B4AA21B05BBCB00093EBE /* PNBarChart.m */; };
		6A35C46F1C4A0D22004AB51A /* Launch Screen.storyboard in Resources */ = {isa = PBXBuildFile; fileRef = 6A35C46E1C4A0D22004AB51A /* Launch Screen.storyboard */; };
		6E984E5D1AE2B00600E817A0 /* PNBarChartTests.m in Sources */ = {isa = PBXBuildFile; fileRef = 6E984E5C1AE2B00600E817A0 /* PNBarChartTests.m */; };
		6E984E5E1AE2B03800E817A0 /* PNBar.m in Sources */ = {isa = PBXBuildFile; fileRef = 91177EC9198DFAC400017E27 /* PNBar.m */; };
		91177ED8198DFAC400017E27 /* PNBar.m in Sources */ = {isa = PBXBuildFile; fileRef = 91177EC9198DFAC400017E27 /* PNBar.m */; };
		91177EDC198DFAC400017E27 /* PNCircleChart.m in Sources */ = {isa = PBXBuildFile; fileRef = 91177ECD198DFAC400017E27 /* PNCircleChart.m */; };
		91177EDE198DFAC400017E27 /* PNLineChart.m in Sources */ = {isa = PBXBuildFile; fileRef = 91177ECF198DFAC400017E27 /* PNLineChart.m */; };
		91177EE0198DFAC400017E27 /* PNLineChartData.m in Sources */ = {isa = PBXBuildFile; fileRef = 91177ED1198DFAC400017E27 /* PNLineChartData.m */; };
		91177EE2198DFAC400017E27 /* PNLineChartDataItem.m in Sources */ = {isa = PBXBuildFile; fileRef = 91177ED3198DFAC400017E27 /* PNLineChartDataItem.m */; };
		91177EE4198DFAC400017E27 /* PNPieChart.m in Sources */ = {isa = PBXBuildFile; fileRef = 91177ED5198DFAC400017E27 /* PNPieChart.m */; };
		91177EE6198DFAC400017E27 /* PNPieChartDataItem.m in Sources */ = {isa = PBXBuildFile; fileRef = 91177ED7198DFAC400017E27 /* PNPieChartDataItem.m */; };
		9FA23B10184A5944002DBBA4 /* PCChartsTableViewController.m in Sources */ = {isa = PBXBuildFile; fileRef = 9FA23B0F184A5944002DBBA4 /* PCChartsTableViewController.m */; };
		9FE15DF8190BB014004129F5 /* PNChartLabel.m in Sources */ = {isa = PBXBuildFile; fileRef = 9FE15DE9190BB014004129F5 /* PNChartLabel.m */; };
		9FE15DFA190BB014004129F5 /* PNColor.m in Sources */ = {isa = PBXBuildFile; fileRef = 9FE15DEE190BB014004129F5 /* PNColor.m */; };
		A9C75FA61A9F1DA900A54638 /* PNGenericChart.m in Sources */ = {isa = PBXBuildFile; fileRef = A9C75FA51A9F1DA900A54638 /* PNGenericChart.m */; };
		ABD79D021B43700800A7C300 /* PNRadarChart.m in Sources */ = {isa = PBXBuildFile; fileRef = ABD79D011B43700800A7C300 /* PNRadarChart.m */; };
		ABD79D051B43CF8000A7C300 /* PNRadarChartDataItem.m in Sources */ = {isa = PBXBuildFile; fileRef = ABD79D041B43CF8000A7C300 /* PNRadarChartDataItem.m */; };
/* End PBXBuildFile section */

/* Begin PBXContainerItemProxy section */
		3ED57DE1204F0C44003D6796 /* PBXContainerItemProxy */ = {
			isa = PBXContainerItemProxy;
			containerPortal = 0AF7A85C182AA9F5003645C4 /* Project object */;
			proxyType = 1;
			remoteGlobalIDString = 3ED57DDB204F0C44003D6796;
			remoteInfo = PNChart;
		};
		6E984E571AE2AF2D00E817A0 /* PBXContainerItemProxy */ = {
			isa = PBXContainerItemProxy;
			containerPortal = 0AF7A85C182AA9F5003645C4 /* Project object */;
			proxyType = 1;
			remoteGlobalIDString = 0AF7A863182AA9F6003645C4;
			remoteInfo = PNChartDemo;
		};
/* End PBXContainerItemProxy section */

/* Begin PBXCopyFilesBuildPhase section */
		3ED57DE8204F0C44003D6796 /* Embed Frameworks */ = {
			isa = PBXCopyFilesBuildPhase;
			buildActionMask = 2147483647;
			dstPath = "";
			dstSubfolderSpec = 10;
			files = (
				3ED57DE4204F0C44003D6796 /* PNChart.framework in Embed Frameworks */,
			);
			name = "Embed Frameworks";
			runOnlyForDeploymentPostprocessing = 0;
		};
/* End PBXCopyFilesBuildPhase section */

/* Begin PBXFileReference section */
		000EA652226F7FB1694156B6 /* Pods-PNChartTests.release.xcconfig */ = {isa = PBXFileReference; includeInIndex = 1; lastKnownFileType = text.xcconfig; name = "Pods-PNChartTests.release.xcconfig"; path = "Pods/Target Support Files/Pods-PNChartTests/Pods-PNChartTests.release.xcconfig"; sourceTree = "<group>"; };
		0A143B52182B665000332B62 /* QuartzCore.framework */ = {isa = PBXFileReference; lastKnownFileType = wrapper.framework; name = QuartzCore.framework; path = System/Library/Frameworks/QuartzCore.framework; sourceTree = SDKROOT; };
		0A2922821A423FB300A42BC4 /* PNScatterChart.h */ = {isa = PBXFileReference; fileEncoding = 4; lastKnownFileType = sourcecode.c.h; path = PNScatterChart.h; sourceTree = "<group>"; };
		0A2922831A423FB300A42BC4 /* PNScatterChart.m */ = {isa = PBXFileReference; fileEncoding = 4; lastKnownFileType = sourcecode.c.objc; path = PNScatterChart.m; sourceTree = "<group>"; };
		0A2922841A423FB300A42BC4 /* PNScatterChartData.h */ = {isa = PBXFileReference; fileEncoding = 4; lastKnownFileType = sourcecode.c.h; path = PNScatterChartData.h; sourceTree = "<group>"; };
		0A2922851A423FB300A42BC4 /* PNScatterChartData.m */ = {isa = PBXFileReference; fileEncoding = 4; lastKnownFileType = sourcecode.c.objc; path = PNScatterChartData.m; sourceTree = "<group>"; };
		0A2922861A423FB300A42BC4 /* PNScatterChartDataItem.h */ = {isa = PBXFileReference; fileEncoding = 4; lastKnownFileType = sourcecode.c.h; path = PNScatterChartDataItem.h; sourceTree = "<group>"; };
		0A2922871A423FB300A42BC4 /* PNScatterChartDataItem.m */ = {isa = PBXFileReference; fileEncoding = 4; lastKnownFileType = sourcecode.c.objc; path = PNScatterChartDataItem.m; sourceTree = "<group>"; };
		0AF7A864182AA9F6003645C4 /* PNChartDemo.app */ = {isa = PBXFileReference; explicitFileType = wrapper.application; includeInIndex = 0; path = PNChartDemo.app; sourceTree = BUILT_PRODUCTS_DIR; };
		0AF7A867182AA9F6003645C4 /* Foundation.framework */ = {isa = PBXFileReference; lastKnownFileType = wrapper.framework; name = Foundation.framework; path = System/Library/Frameworks/Foundation.framework; sourceTree = SDKROOT; };
		0AF7A869182AA9F6003645C4 /* CoreGraphics.framework */ = {isa = PBXFileReference; lastKnownFileType = wrapper.framework; name = CoreGraphics.framework; path = System/Library/Frameworks/CoreGraphics.framework; sourceTree = SDKROOT; };
		0AF7A86B182AA9F6003645C4 /* UIKit.framework */ = {isa = PBXFileReference; lastKnownFileType = wrapper.framework; name = UIKit.framework; path = System/Library/Frameworks/UIKit.framework; sourceTree = SDKROOT; };
		0AF7A86F182AA9F6003645C4 /* PNChartDemo-Info.plist */ = {isa = PBXFileReference; lastKnownFileType = text.plist.xml; path = "PNChartDemo-Info.plist"; sourceTree = "<group>"; };
		0AF7A871182AA9F6003645C4 /* en */ = {isa = PBXFileReference; lastKnownFileType = text.plist.strings; name = en; path = en.lproj/InfoPlist.strings; sourceTree = "<group>"; };
		0AF7A873182AA9F6003645C4 /* main.m */ = {isa = PBXFileReference; lastKnownFileType = sourcecode.c.objc; path = main.m; sourceTree = "<group>"; };
		0AF7A875182AA9F6003645C4 /* PNChartDemo-Prefix.pch */ = {isa = PBXFileReference; lastKnownFileType = sourcecode.c.h; path = "PNChartDemo-Prefix.pch"; sourceTree = "<group>"; };
		0AF7A876182AA9F6003645C4 /* PCAppDelegate.h */ = {isa = PBXFileReference; lastKnownFileType = sourcecode.c.h; path = PCAppDelegate.h; sourceTree = "<group>"; };
		0AF7A877182AA9F6003645C4 /* PCAppDelegate.m */ = {isa = PBXFileReference; lastKnownFileType = sourcecode.c.objc; path = PCAppDelegate.m; sourceTree = "<group>"; };
		0AF7A87A182AA9F6003645C4 /* Base */ = {isa = PBXFileReference; lastKnownFileType = file.storyboard; name = Base; path = Base.lproj/Main.storyboard; sourceTree = "<group>"; };
		0AF7A87F182AA9F6003645C4 /* Images.xcassets */ = {isa = PBXFileReference; lastKnownFileType = folder.assetcatalog; path = Images.xcassets; sourceTree = "<group>"; };
		0AF7A886182AA9F6003645C4 /* XCTest.framework */ = {isa = PBXFileReference; lastKnownFileType = wrapper.framework; name = XCTest.framework; path = Library/Frameworks/XCTest.framework; sourceTree = DEVELOPER_DIR; };
		0AF7A8AD182AAEEF003645C4 /* PCChartViewController.h */ = {isa = PBXFileReference; fileEncoding = 4; lastKnownFileType = sourcecode.c.h; path = PCChartViewController.h; sourceTree = "<group>"; };
		0AF7A8AE182AAEEF003645C4 /* PCChartViewController.m */ = {isa = PBXFileReference; fileEncoding = 4; lastKnownFileType = sourcecode.c.objc; path = PCChartViewController.m; sourceTree = "<group>"; };
		34E17F211C2464FB00DBC20B /* Default-568h@2x.png */ = {isa = PBXFileReference; lastKnownFileType = image.png; path = "Default-568h@2x.png"; sourceTree = "<group>"; };
		3ED57DDC204F0C44003D6796 /* PNChart.framework */ = {isa = PBXFileReference; explicitFileType = wrapper.framework; includeInIndex = 0; path = PNChart.framework; sourceTree = BUILT_PRODUCTS_DIR; };
		3ED57DDE204F0C44003D6796 /* PNChart.h */ = {isa = PBXFileReference; lastKnownFileType = sourcecode.c.h; path = PNChart.h; sourceTree = "<group>"; };
		3ED57DDF204F0C44003D6796 /* Info.plist */ = {isa = PBXFileReference; lastKnownFileType = text.plist.xml; path = Info.plist; sourceTree = "<group>"; };
		3ED57E0E204F0DC4003D6796 /* UICountingLabel.m */ = {isa = PBXFileReference; fileEncoding = 4; lastKnownFileType = sourcecode.c.objc; path = UICountingLabel.m; sourceTree = "<group>"; };
		3ED57E0F204F0DC4003D6796 /* UICountingLabel.h */ = {isa = PBXFileReference; fileEncoding = 4; lastKnownFileType = sourcecode.c.h; path = UICountingLabel.h; sourceTree = "<group>"; };
		4C519A2B2B515B4587050D06 /* Pods-PNChartDemo.release.xcconfig */ = {isa = PBXFileReference; includeInIndex = 1; lastKnownFileType = text.xcconfig; name = "Pods-PNChartDemo.release.xcconfig"; path = "Pods/Target Support Files/Pods-PNChartDemo/Pods-PNChartDemo.release.xcconfig"; sourceTree = "<group>"; };
		5C9B4AA21B05BBCB00093EBE /* PNBarChart.m */ = {isa = PBXFileReference; fileEncoding = 4; lastKnownFileType = sourcecode.c.objc; path = PNBarChart.m; sourceTree = "<group>"; };
		6A35C46E1C4A0D22004AB51A /* Launch Screen.storyboard */ = {isa = PBXFileReference; fileEncoding = 4; lastKnownFileType = file.storyboard; path = "Launch Screen.storyboard"; sourceTree = "<group>"; };
		6E984E511AE2AF2D00E817A0 /* PNChartTests.xctest */ = {isa = PBXFileReference; explicitFileType = wrapper.cfbundle; includeInIndex = 0; path = PNChartTests.xctest; sourceTree = BUILT_PRODUCTS_DIR; };
		6E984E541AE2AF2D00E817A0 /* Info.plist */ = {isa = PBXFileReference; lastKnownFileType = text.plist.xml; path = Info.plist; sourceTree = "<group>"; };
		6E984E5C1AE2B00600E817A0 /* PNBarChartTests.m */ = {isa = PBXFileReference; fileEncoding = 4; lastKnownFileType = sourcecode.c.objc; path = PNBarChartTests.m; sourceTree = "<group>"; };
		91177EC8198DFAC400017E27 /* PNBar.h */ = {isa = PBXFileReference; fileEncoding = 4; lastKnownFileType = sourcecode.c.h; path = PNBar.h; sourceTree = "<group>"; };
		91177EC9198DFAC400017E27 /* PNBar.m */ = {isa = PBXFileReference; fileEncoding = 4; lastKnownFileType = sourcecode.c.objc; path = PNBar.m; sourceTree = "<group>"; };
		91177ECA198DFAC400017E27 /* PNBarChart.h */ = {isa = PBXFileReference; fileEncoding = 4; lastKnownFileType = sourcecode.c.h; path = PNBarChart.h; sourceTree = "<group>"; };
		91177ECC198DFAC400017E27 /* PNCircleChart.h */ = {isa = PBXFileReference; fileEncoding = 4; lastKnownFileType = sourcecode.c.h; path = PNCircleChart.h; sourceTree = "<group>"; };
		91177ECD198DFAC400017E27 /* PNCircleChart.m */ = {isa = PBXFileReference; fileEncoding = 4; lastKnownFileType = sourcecode.c.objc; path = PNCircleChart.m; sourceTree = "<group>"; };
		91177ECE198DFAC400017E27 /* PNLineChart.h */ = {isa = PBXFileReference; fileEncoding = 4; lastKnownFileType = sourcecode.c.h; path = PNLineChart.h; sourceTree = "<group>"; };
		91177ECF198DFAC400017E27 /* PNLineChart.m */ = {isa = PBXFileReference; fileEncoding = 4; lastKnownFileType = sourcecode.c.objc; path = PNLineChart.m; sourceTree = "<group>"; };
		91177ED0198DFAC400017E27 /* PNLineChartData.h */ = {isa = PBXFileReference; fileEncoding = 4; lastKnownFileType = sourcecode.c.h; path = PNLineChartData.h; sourceTree = "<group>"; };
		91177ED1198DFAC400017E27 /* PNLineChartData.m */ = {isa = PBXFileReference; fileEncoding = 4; lastKnownFileType = sourcecode.c.objc; path = PNLineChartData.m; sourceTree = "<group>"; };
		91177ED2198DFAC400017E27 /* PNLineChartDataItem.h */ = {isa = PBXFileReference; fileEncoding = 4; lastKnownFileType = sourcecode.c.h; path = PNLineChartDataItem.h; sourceTree = "<group>"; };
		91177ED3198DFAC400017E27 /* PNLineChartDataItem.m */ = {isa = PBXFileReference; fileEncoding = 4; lastKnownFileType = sourcecode.c.objc; path = PNLineChartDataItem.m; sourceTree = "<group>"; };
		91177ED4198DFAC400017E27 /* PNPieChart.h */ = {isa = PBXFileReference; fileEncoding = 4; lastKnownFileType = sourcecode.c.h; path = PNPieChart.h; sourceTree = "<group>"; };
		91177ED5198DFAC400017E27 /* PNPieChart.m */ = {isa = PBXFileReference; fileEncoding = 4; lastKnownFileType = sourcecode.c.objc; path = PNPieChart.m; sourceTree = "<group>"; };
		91177ED6198DFAC400017E27 /* PNPieChartDataItem.h */ = {isa = PBXFileReference; fileEncoding = 4; lastKnownFileType = sourcecode.c.h; path = PNPieChartDataItem.h; sourceTree = "<group>"; };
		91177ED7198DFAC400017E27 /* PNPieChartDataItem.m */ = {isa = PBXFileReference; fileEncoding = 4; lastKnownFileType = sourcecode.c.objc; path = PNPieChartDataItem.m; sourceTree = "<group>"; };
		9FA23B0E184A5944002DBBA4 /* PCChartsTableViewController.h */ = {isa = PBXFileReference; fileEncoding = 4; lastKnownFileType = sourcecode.c.h; path = PCChartsTableViewController.h; sourceTree = "<group>"; };
		9FA23B0F184A5944002DBBA4 /* PCChartsTableViewController.m */ = {isa = PBXFileReference; fileEncoding = 4; lastKnownFileType = sourcecode.c.objc; path = PCChartsTableViewController.m; sourceTree = "<group>"; };
		9FE15DE6190BB014004129F5 /* PNChart.h */ = {isa = PBXFileReference; fileEncoding = 4; lastKnownFileType = sourcecode.c.h; path = PNChart.h; sourceTree = "<group>"; };
		9FE15DE7190BB014004129F5 /* PNChartDelegate.h */ = {isa = PBXFileReference; fileEncoding = 4; lastKnownFileType = sourcecode.c.h; path = PNChartDelegate.h; sourceTree = "<group>"; };
		9FE15DE8190BB014004129F5 /* PNChartLabel.h */ = {isa = PBXFileReference; fileEncoding = 4; lastKnownFileType = sourcecode.c.h; path = PNChartLabel.h; sourceTree = "<group>"; };
		9FE15DE9190BB014004129F5 /* PNChartLabel.m */ = {isa = PBXFileReference; fileEncoding = 4; lastKnownFileType = sourcecode.c.objc; path = PNChartLabel.m; sourceTree = "<group>"; };
		9FE15DED190BB014004129F5 /* PNColor.h */ = {isa = PBXFileReference; fileEncoding = 4; lastKnownFileType = sourcecode.c.h; path = PNColor.h; sourceTree = "<group>"; };
		9FE15DEE190BB014004129F5 /* PNColor.m */ = {isa = PBXFileReference; fileEncoding = 4; lastKnownFileType = sourcecode.c.objc; path = PNColor.m; sourceTree = "<group>"; };
		A9C75FA41A9F1DA900A54638 /* PNGenericChart.h */ = {isa = PBXFileReference; fileEncoding = 4; lastKnownFileType = sourcecode.c.h; path = PNGenericChart.h; sourceTree = "<group>"; };
		A9C75FA51A9F1DA900A54638 /* PNGenericChart.m */ = {isa = PBXFileReference; fileEncoding = 4; lastKnownFileType = sourcecode.c.objc; path = PNGenericChart.m; sourceTree = "<group>"; };
		ABD79D001B43700800A7C300 /* PNRadarChart.h */ = {isa = PBXFileReference; fileEncoding = 4; lastKnownFileType = sourcecode.c.h; path = PNRadarChart.h; sourceTree = "<group>"; };
		ABD79D011B43700800A7C300 /* PNRadarChart.m */ = {isa = PBXFileReference; fileEncoding = 4; lastKnownFileType = sourcecode.c.objc; path = PNRadarChart.m; sourceTree = "<group>"; };
		ABD79D031B43CF8000A7C300 /* PNRadarChartDataItem.h */ = {isa = PBXFileReference; fileEncoding = 4; lastKnownFileType = sourcecode.c.h; path = PNRadarChartDataItem.h; sourceTree = "<group>"; };
		ABD79D041B43CF8000A7C300 /* PNRadarChartDataItem.m */ = {isa = PBXFileReference; fileEncoding = 4; lastKnownFileType = sourcecode.c.objc; path = PNRadarChartDataItem.m; sourceTree = "<group>"; };
		B1ECCEE3BE8D22B46D7568CA /* libPods-PNChartDemo.a */ = {isa = PBXFileReference; explicitFileType = archive.ar; includeInIndex = 0; path = "libPods-PNChartDemo.a"; sourceTree = BUILT_PRODUCTS_DIR; };
		B2F25E2A7190F17C68FAD851 /* libPods-PNChartTests.a */ = {isa = PBXFileReference; explicitFileType = archive.ar; includeInIndex = 0; path = "libPods-PNChartTests.a"; sourceTree = BUILT_PRODUCTS_DIR; };
		B9566E1E0D31408BDFBA8A58 /* Pods-PNChartDemo.debug.xcconfig */ = {isa = PBXFileReference; includeInIndex = 1; lastKnownFileType = text.xcconfig; name = "Pods-PNChartDemo.debug.xcconfig"; path = "Pods/Target Support Files/Pods-PNChartDemo/Pods-PNChartDemo.debug.xcconfig"; sourceTree = "<group>"; };
		CE9252B3315DD709B9CE2AA4 /* Pods-PNChartTests.debug.xcconfig */ = {isa = PBXFileReference; includeInIndex = 1; lastKnownFileType = text.xcconfig; name = "Pods-PNChartTests.debug.xcconfig"; path = "Pods/Target Support Files/Pods-PNChartTests/Pods-PNChartTests.debug.xcconfig"; sourceTree = "<group>"; };
/* End PBXFileReference section */

/* Begin PBXFrameworksBuildPhase section */
		0AF7A861182AA9F6003645C4 /* Frameworks */ = {
			isa = PBXFrameworksBuildPhase;
			buildActionMask = 2147483647;
			files = (
				0A143B53182B665000332B62 /* QuartzCore.framework in Frameworks */,
				3ED57DE3204F0C44003D6796 /* PNChart.framework in Frameworks */,
				0AF7A86A182AA9F6003645C4 /* CoreGraphics.framework in Frameworks */,
				0AF7A86C182AA9F6003645C4 /* UIKit.framework in Frameworks */,
				0AF7A868182AA9F6003645C4 /* Foundation.framework in Frameworks */,
				37B1E99EED46F3CDD1FF0AC6 /* libPods-PNChartDemo.a in Frameworks */,
			);
			runOnlyForDeploymentPostprocessing = 0;
		};
		3ED57DD8204F0C44003D6796 /* Frameworks */ = {
			isa = PBXFrameworksBuildPhase;
			buildActionMask = 2147483647;
			files = (
				3ED57DEC204F0C70003D6796 /* CoreGraphics.framework in Frameworks */,
				3ED57DEB204F0C5D003D6796 /* QuartzCore.framework in Frameworks */,
				3ED57DEA204F0C5A003D6796 /* Foundation.framework in Frameworks */,
				3ED57DE9204F0C52003D6796 /* UIKit.framework in Frameworks */,
			);
			runOnlyForDeploymentPostprocessing = 0;
		};
		6E984E4E1AE2AF2D00E817A0 /* Frameworks */ = {
			isa = PBXFrameworksBuildPhase;
			buildActionMask = 2147483647;
			files = (
				328683044172E06381688760 /* libPods-PNChartTests.a in Frameworks */,
			);
			runOnlyForDeploymentPostprocessing = 0;
		};
/* End PBXFrameworksBuildPhase section */

/* Begin PBXGroup section */
		0AF7A85B182AA9F5003645C4 = {
			isa = PBXGroup;
			children = (
				34E17F211C2464FB00DBC20B /* Default-568h@2x.png */,
				3ED57E0F204F0DC4003D6796 /* UICountingLabel.h */,
				3ED57E0E204F0DC4003D6796 /* UICountingLabel.m */,
				9FE15DE0190BB014004129F5 /* PNChart */,
				0AF7A86D182AA9F6003645C4 /* PNChartDemo */,
				6E984E521AE2AF2D00E817A0 /* PNChartTests */,
				3ED57DDD204F0C44003D6796 /* PNChart */,
				0AF7A866182AA9F6003645C4 /* Frameworks */,
				0AF7A865182AA9F6003645C4 /* Products */,
				9BA0D23B215990B34FA5A7B8 /* Pods */,
			);
			sourceTree = "<group>";
		};
		0AF7A865182AA9F6003645C4 /* Products */ = {
			isa = PBXGroup;
			children = (
				0AF7A864182AA9F6003645C4 /* PNChartDemo.app */,
				6E984E511AE2AF2D00E817A0 /* PNChartTests.xctest */,
				3ED57DDC204F0C44003D6796 /* PNChart.framework */,
			);
			name = Products;
			sourceTree = "<group>";
		};
		0AF7A866182AA9F6003645C4 /* Frameworks */ = {
			isa = PBXGroup;
			children = (
				0A143B52182B665000332B62 /* QuartzCore.framework */,
				0AF7A867182AA9F6003645C4 /* Foundation.framework */,
				0AF7A869182AA9F6003645C4 /* CoreGraphics.framework */,
				0AF7A86B182AA9F6003645C4 /* UIKit.framework */,
				0AF7A886182AA9F6003645C4 /* XCTest.framework */,
				B2F25E2A7190F17C68FAD851 /* libPods-PNChartTests.a */,
				B1ECCEE3BE8D22B46D7568CA /* libPods-PNChartDemo.a */,
			);
			name = Frameworks;
			sourceTree = "<group>";
		};
		0AF7A86D182AA9F6003645C4 /* PNChartDemo */ = {
			isa = PBXGroup;
			children = (
				0AF7A8B0182AAEF3003645C4 /* PCChartViewController */,
				0AF7A876182AA9F6003645C4 /* PCAppDelegate.h */,
				0AF7A877182AA9F6003645C4 /* PCAppDelegate.m */,
				0AF7A879182AA9F6003645C4 /* Main.storyboard */,
				0AF7A87F182AA9F6003645C4 /* Images.xcassets */,
				0AF7A86E182AA9F6003645C4 /* Supporting Files */,
				6A35C46E1C4A0D22004AB51A /* Launch Screen.storyboard */,
			);
			path = PNChartDemo;
			sourceTree = "<group>";
		};
		0AF7A86E182AA9F6003645C4 /* Supporting Files */ = {
			isa = PBXGroup;
			children = (
				0AF7A86F182AA9F6003645C4 /* PNChartDemo-Info.plist */,
				0AF7A870182AA9F6003645C4 /* InfoPlist.strings */,
				0AF7A873182AA9F6003645C4 /* main.m */,
				0AF7A875182AA9F6003645C4 /* PNChartDemo-Prefix.pch */,
			);
			name = "Supporting Files";
			sourceTree = "<group>";
		};
		0AF7A8B0182AAEF3003645C4 /* PCChartViewController */ = {
			isa = PBXGroup;
			children = (
				0AF7A8AD182AAEEF003645C4 /* PCChartViewController.h */,
				0AF7A8AE182AAEEF003645C4 /* PCChartViewController.m */,
				9FA23B0E184A5944002DBBA4 /* PCChartsTableViewController.h */,
				9FA23B0F184A5944002DBBA4 /* PCChartsTableViewController.m */,
			);
			name = PCChartViewController;
			sourceTree = "<group>";
		};
		3ED57DDD204F0C44003D6796 /* PNChart */ = {
			isa = PBXGroup;
			children = (
				3ED57DDE204F0C44003D6796 /* PNChart.h */,
				3ED57DDF204F0C44003D6796 /* Info.plist */,
			);
			path = PNChart;
			sourceTree = "<group>";
		};
		6E984E521AE2AF2D00E817A0 /* PNChartTests */ = {
			isa = PBXGroup;
			children = (
				6E984E531AE2AF2D00E817A0 /* Supporting Files */,
				6E984E5C1AE2B00600E817A0 /* PNBarChartTests.m */,
			);
			path = PNChartTests;
			sourceTree = "<group>";
		};
		6E984E531AE2AF2D00E817A0 /* Supporting Files */ = {
			isa = PBXGroup;
			children = (
				6E984E541AE2AF2D00E817A0 /* Info.plist */,
			);
			name = "Supporting Files";
			sourceTree = "<group>";
		};
		9BA0D23B215990B34FA5A7B8 /* Pods */ = {
			isa = PBXGroup;
			children = (
				CE9252B3315DD709B9CE2AA4 /* Pods-PNChartTests.debug.xcconfig */,
				000EA652226F7FB1694156B6 /* Pods-PNChartTests.release.xcconfig */,
				B9566E1E0D31408BDFBA8A58 /* Pods-PNChartDemo.debug.xcconfig */,
				4C519A2B2B515B4587050D06 /* Pods-PNChartDemo.release.xcconfig */,
			);
			name = Pods;
			sourceTree = "<group>";
		};
		9FE15DE0190BB014004129F5 /* PNChart */ = {
			isa = PBXGroup;
			children = (
				0A2922821A423FB300A42BC4 /* PNScatterChart.h */,
				0A2922831A423FB300A42BC4 /* PNScatterChart.m */,
				0A2922841A423FB300A42BC4 /* PNScatterChartData.h */,
				0A2922851A423FB300A42BC4 /* PNScatterChartData.m */,
				0A2922861A423FB300A42BC4 /* PNScatterChartDataItem.h */,
				0A2922871A423FB300A42BC4 /* PNScatterChartDataItem.m */,
				9FE15DE6190BB014004129F5 /* PNChart.h */,
				9FE15DE7190BB014004129F5 /* PNChartDelegate.h */,
				9FE15DE8190BB014004129F5 /* PNChartLabel.h */,
				9FE15DE9190BB014004129F5 /* PNChartLabel.m */,
				9FE15DED190BB014004129F5 /* PNColor.h */,
				9FE15DEE190BB014004129F5 /* PNColor.m */,
				91177EC8198DFAC400017E27 /* PNBar.h */,
				91177EC9198DFAC400017E27 /* PNBar.m */,
				91177ECA198DFAC400017E27 /* PNBarChart.h */,
				5C9B4AA21B05BBCB00093EBE /* PNBarChart.m */,
				91177ECC198DFAC400017E27 /* PNCircleChart.h */,
				91177ECD198DFAC400017E27 /* PNCircleChart.m */,
				91177ECE198DFAC400017E27 /* PNLineChart.h */,
				91177ECF198DFAC400017E27 /* PNLineChart.m */,
				91177ED0198DFAC400017E27 /* PNLineChartData.h */,
				91177ED1198DFAC400017E27 /* PNLineChartData.m */,
				91177ED2198DFAC400017E27 /* PNLineChartDataItem.h */,
				91177ED3198DFAC400017E27 /* PNLineChartDataItem.m */,
				91177ED4198DFAC400017E27 /* PNPieChart.h */,
				91177ED5198DFAC400017E27 /* PNPieChart.m */,
				91177ED6198DFAC400017E27 /* PNPieChartDataItem.h */,
				91177ED7198DFAC400017E27 /* PNPieChartDataItem.m */,
				A9C75FA41A9F1DA900A54638 /* PNGenericChart.h */,
				A9C75FA51A9F1DA900A54638 /* PNGenericChart.m */,
				ABD79D001B43700800A7C300 /* PNRadarChart.h */,
				ABD79D011B43700800A7C300 /* PNRadarChart.m */,
				ABD79D031B43CF8000A7C300 /* PNRadarChartDataItem.h */,
				ABD79D041B43CF8000A7C300 /* PNRadarChartDataItem.m */,
			);
			path = PNChart;
			sourceTree = "<group>";
		};
/* End PBXGroup section */

/* Begin PBXHeadersBuildPhase section */
		3ED57DD9204F0C44003D6796 /* Headers */ = {
			isa = PBXHeadersBuildPhase;
			buildActionMask = 2147483647;
			files = (
				3ED57DED204F0CA2003D6796 /* PNScatterChart.h in Headers */,
				3ED57DEE204F0CA2003D6796 /* PNScatterChartData.h in Headers */,
				3ED57DEF204F0CA2003D6796 /* PNScatterChartDataItem.h in Headers */,
				3ED57DE0204F0C44003D6796 /* PNChart.h in Headers */,
				3ED57DF0204F0CA2003D6796 /* PNChartDelegate.h in Headers */,
				3ED57DF1204F0CA2003D6796 /* PNChartLabel.h in Headers */,
				3ED57DF2204F0CA2003D6796 /* PNColor.h in Headers */,
				3ED57DF3204F0CA2003D6796 /* PNBar.h in Headers */,
				3ED57DF4204F0CA2003D6796 /* PNBarChart.h in Headers */,
				3ED57DF5204F0CA2003D6796 /* PNCircleChart.h in Headers */,
				3ED57DF6204F0CA2003D6796 /* PNLineChart.h in Headers */,
				3ED57DF7204F0CA2003D6796 /* PNLineChartData.h in Headers */,
				3ED57DF8204F0CA2003D6796 /* PNLineChartDataItem.h in Headers */,
				3ED57DF9204F0CA2003D6796 /* PNPieChart.h in Headers */,
				3ED57DFA204F0CA2003D6796 /* PNPieChartDataItem.h in Headers */,
				3ED57DFB204F0CA2003D6796 /* PNGenericChart.h in Headers */,
				3ED57DFC204F0CA2003D6796 /* PNRadarChart.h in Headers */,
				3ED57E11204F0DC4003D6796 /* UICountingLabel.h in Headers */,
				3ED57DFD204F0CA2003D6796 /* PNRadarChartDataItem.h in Headers */,
			);
			runOnlyForDeploymentPostprocessing = 0;
		};
/* End PBXHeadersBuildPhase section */

/* Begin PBXNativeTarget section */
		0AF7A863182AA9F6003645C4 /* PNChartDemo */ = {
			isa = PBXNativeTarget;
			buildConfigurationList = 0AF7A896182AA9F6003645C4 /* Build configuration list for PBXNativeTarget "PNChartDemo" */;
			buildPhases = (
				FA0C39B32F296624BBDFF3E3 /* [CP] Check Pods Manifest.lock */,
				0AF7A860182AA9F6003645C4 /* Sources */,
				0AF7A861182AA9F6003645C4 /* Frameworks */,
				0AF7A862182AA9F6003645C4 /* Resources */,
				7D516272BD760D57A76DAD64 /* [CP] Embed Pods Frameworks */,
				4552CFD6C9080AB9EE9E46D1 /* [CP] Copy Pods Resources */,
				3ED57DE8204F0C44003D6796 /* Embed Frameworks */,
			);
			buildRules = (
			);
			dependencies = (
				3ED57DE2204F0C44003D6796 /* PBXTargetDependency */,
			);
			name = PNChartDemo;
			productName = PNChartDemo;
			productReference = 0AF7A864182AA9F6003645C4 /* PNChartDemo.app */;
			productType = "com.apple.product-type.application";
		};
		3ED57DDB204F0C44003D6796 /* PNChart */ = {
			isa = PBXNativeTarget;
			buildConfigurationList = 3ED57DE7204F0C44003D6796 /* Build configuration list for PBXNativeTarget "PNChart" */;
			buildPhases = (
				3ED57DD7204F0C44003D6796 /* Sources */,
				3ED57DD8204F0C44003D6796 /* Frameworks */,
				3ED57DD9204F0C44003D6796 /* Headers */,
				3ED57DDA204F0C44003D6796 /* Resources */,
			);
			buildRules = (
			);
			dependencies = (
			);
			name = PNChart;
			productName = PNChart;
			productReference = 3ED57DDC204F0C44003D6796 /* PNChart.framework */;
			productType = "com.apple.product-type.framework";
		};
		6E984E501AE2AF2D00E817A0 /* PNChartTests */ = {
			isa = PBXNativeTarget;
			buildConfigurationList = 6E984E591AE2AF2D00E817A0 /* Build configuration list for PBXNativeTarget "PNChartTests" */;
			buildPhases = (
				701E9E0847192B2A2BE3698D /* [CP] Check Pods Manifest.lock */,
				6E984E4D1AE2AF2D00E817A0 /* Sources */,
				6E984E4E1AE2AF2D00E817A0 /* Frameworks */,
				6E984E4F1AE2AF2D00E817A0 /* Resources */,
				352F07839FB03B1A9D90A483 /* [CP] Embed Pods Frameworks */,
				7D8856A691FAB9EC9C672F2A /* [CP] Copy Pods Resources */,
			);
			buildRules = (
			);
			dependencies = (
				6E984E581AE2AF2D00E817A0 /* PBXTargetDependency */,
			);
			name = PNChartTests;
			productName = PNChartTests;
			productReference = 6E984E511AE2AF2D00E817A0 /* PNChartTests.xctest */;
			productType = "com.apple.product-type.bundle.unit-test";
		};
/* End PBXNativeTarget section */

/* Begin PBXProject section */
		0AF7A85C182AA9F5003645C4 /* Project object */ = {
			isa = PBXProject;
			attributes = {
				CLASSPREFIX = PC;
				LastUpgradeCheck = 0900;
				ORGANIZATIONNAME = kevinzhow;
				TargetAttributes = {
					3ED57DDB204F0C44003D6796 = {
						CreatedOnToolsVersion = 9.2;
						ProvisioningStyle = Automatic;
					};
					6E984E501AE2AF2D00E817A0 = {
						CreatedOnToolsVersion = 6.3;
						TestTargetID = 0AF7A863182AA9F6003645C4;
					};
				};
			};
			buildConfigurationList = 0AF7A85F182AA9F5003645C4 /* Build configuration list for PBXProject "PNChartDemo" */;
			compatibilityVersion = "Xcode 3.2";
			developmentRegion = English;
			hasScannedForEncodings = 0;
			knownRegions = (
				en,
				Base,
			);
			mainGroup = 0AF7A85B182AA9F5003645C4;
			productRefGroup = 0AF7A865182AA9F6003645C4 /* Products */;
			projectDirPath = "";
			projectRoot = "";
			targets = (
				0AF7A863182AA9F6003645C4 /* PNChartDemo */,
				6E984E501AE2AF2D00E817A0 /* PNChartTests */,
				3ED57DDB204F0C44003D6796 /* PNChart */,
			);
		};
/* End PBXProject section */

/* Begin PBXResourcesBuildPhase section */
		0AF7A862182AA9F6003645C4 /* Resources */ = {
			isa = PBXResourcesBuildPhase;
			buildActionMask = 2147483647;
			files = (
				0AF7A880182AA9F6003645C4 /* Images.xcassets in Resources */,
				34E17F221C2464FB00DBC20B /* Default-568h@2x.png in Resources */,
				0AF7A872182AA9F6003645C4 /* InfoPlist.strings in Resources */,
				6A35C46F1C4A0D22004AB51A /* Launch Screen.storyboard in Resources */,
				0AF7A87B182AA9F6003645C4 /* Main.storyboard in Resources */,
			);
			runOnlyForDeploymentPostprocessing = 0;
		};
		3ED57DDA204F0C44003D6796 /* Resources */ = {
			isa = PBXResourcesBuildPhase;
			buildActionMask = 2147483647;
			files = (
			);
			runOnlyForDeploymentPostprocessing = 0;
		};
		6E984E4F1AE2AF2D00E817A0 /* Resources */ = {
			isa = PBXResourcesBuildPhase;
			buildActionMask = 2147483647;
			files = (
			);
			runOnlyForDeploymentPostprocessing = 0;
		};
/* End PBXResourcesBuildPhase section */

/* Begin PBXShellScriptBuildPhase section */
		352F07839FB03B1A9D90A483 /* [CP] Embed Pods Frameworks */ = {
			isa = PBXShellScriptBuildPhase;
			buildActionMask = 2147483647;
			files = (
			);
			inputPaths = (
			);
			name = "[CP] Embed Pods Frameworks";
			outputPaths = (
			);
			runOnlyForDeploymentPostprocessing = 0;
			shellPath = /bin/sh;
			shellScript = "\"${SRCROOT}/Pods/Target Support Files/Pods-PNChartTests/Pods-PNChartTests-frameworks.sh\"\n";
			showEnvVarsInLog = 0;
		};
		4552CFD6C9080AB9EE9E46D1 /* [CP] Copy Pods Resources */ = {
			isa = PBXShellScriptBuildPhase;
			buildActionMask = 2147483647;
			files = (
			);
			inputPaths = (
			);
			name = "[CP] Copy Pods Resources";
			outputPaths = (
			);
			runOnlyForDeploymentPostprocessing = 0;
			shellPath = /bin/sh;
			shellScript = "\"${SRCROOT}/Pods/Target Support Files/Pods-PNChartDemo/Pods-PNChartDemo-resources.sh\"\n";
			showEnvVarsInLog = 0;
		};
		701E9E0847192B2A2BE3698D /* [CP] Check Pods Manifest.lock */ = {
			isa = PBXShellScriptBuildPhase;
			buildActionMask = 2147483647;
			files = (
			);
			inputPaths = (
				"${PODS_PODFILE_DIR_PATH}/Podfile.lock",
				"${PODS_ROOT}/Manifest.lock",
			);
			name = "[CP] Check Pods Manifest.lock";
			outputPaths = (
				"$(DERIVED_FILE_DIR)/Pods-PNChartTests-checkManifestLockResult.txt",
			);
			runOnlyForDeploymentPostprocessing = 0;
			shellPath = /bin/sh;
			shellScript = "diff \"${PODS_PODFILE_DIR_PATH}/Podfile.lock\" \"${PODS_ROOT}/Manifest.lock\" > /dev/null\nif [ $? != 0 ] ; then\n    # print error to STDERR\n    echo \"error: The sandbox is not in sync with the Podfile.lock. Run 'pod install' or update your CocoaPods installation.\" >&2\n    exit 1\nfi\n# This output is used by Xcode 'outputs' to avoid re-running this script phase.\necho \"SUCCESS\" > \"${SCRIPT_OUTPUT_FILE_0}\"\n";
			showEnvVarsInLog = 0;
		};
		7D516272BD760D57A76DAD64 /* [CP] Embed Pods Frameworks */ = {
			isa = PBXShellScriptBuildPhase;
			buildActionMask = 2147483647;
			files = (
			);
			inputPaths = (
			);
			name = "[CP] Embed Pods Frameworks";
			outputPaths = (
			);
			runOnlyForDeploymentPostprocessing = 0;
			shellPath = /bin/sh;
			shellScript = "\"${SRCROOT}/Pods/Target Support Files/Pods-PNChartDemo/Pods-PNChartDemo-frameworks.sh\"\n";
			showEnvVarsInLog = 0;
		};
		7D8856A691FAB9EC9C672F2A /* [CP] Copy Pods Resources */ = {
			isa = PBXShellScriptBuildPhase;
			buildActionMask = 2147483647;
			files = (
			);
			inputPaths = (
			);
			name = "[CP] Copy Pods Resources";
			outputPaths = (
			);
			runOnlyForDeploymentPostprocessing = 0;
			shellPath = /bin/sh;
			shellScript = "\"${SRCROOT}/Pods/Target Support Files/Pods-PNChartTests/Pods-PNChartTests-resources.sh\"\n";
			showEnvVarsInLog = 0;
		};
		FA0C39B32F296624BBDFF3E3 /* [CP] Check Pods Manifest.lock */ = {
			isa = PBXShellScriptBuildPhase;
			buildActionMask = 2147483647;
			files = (
			);
			inputPaths = (
				"${PODS_PODFILE_DIR_PATH}/Podfile.lock",
				"${PODS_ROOT}/Manifest.lock",
			);
			name = "[CP] Check Pods Manifest.lock";
			outputPaths = (
				"$(DERIVED_FILE_DIR)/Pods-PNChartDemo-checkManifestLockResult.txt",
			);
			runOnlyForDeploymentPostprocessing = 0;
			shellPath = /bin/sh;
			shellScript = "diff \"${PODS_PODFILE_DIR_PATH}/Podfile.lock\" \"${PODS_ROOT}/Manifest.lock\" > /dev/null\nif [ $? != 0 ] ; then\n    # print error to STDERR\n    echo \"error: The sandbox is not in sync with the Podfile.lock. Run 'pod install' or update your CocoaPods installation.\" >&2\n    exit 1\nfi\n# This output is used by Xcode 'outputs' to avoid re-running this script phase.\necho \"SUCCESS\" > \"${SCRIPT_OUTPUT_FILE_0}\"\n";
			showEnvVarsInLog = 0;
		};
/* End PBXShellScriptBuildPhase section */

/* Begin PBXSourcesBuildPhase section */
		0AF7A860182AA9F6003645C4 /* Sources */ = {
			isa = PBXSourcesBuildPhase;
			buildActionMask = 2147483647;
			files = (
				91177EDE198DFAC400017E27 /* PNLineChart.m in Sources */,
				9FE15DF8190BB014004129F5 /* PNChartLabel.m in Sources */,
				ABD79D021B43700800A7C300 /* PNRadarChart.m in Sources */,
				91177EDC198DFAC400017E27 /* PNCircleChart.m in Sources */,
				9FE15DFA190BB014004129F5 /* PNColor.m in Sources */,
				91177ED8198DFAC400017E27 /* PNBar.m in Sources */,
				91177EE2198DFAC400017E27 /* PNLineChartDataItem.m in Sources */,
				0AF7A8AF182AAEEF003645C4 /* PCChartViewController.m in Sources */,
				ABD79D051B43CF8000A7C300 /* PNRadarChartDataItem.m in Sources */,
				0A29228A1A423FB300A42BC4 /* PNScatterChartDataItem.m in Sources */,
				A9C75FA61A9F1DA900A54638 /* PNGenericChart.m in Sources */,
				91177EE6198DFAC400017E27 /* PNPieChartDataItem.m in Sources */,
				9FA23B10184A5944002DBBA4 /* PCChartsTableViewController.m in Sources */,
				91177EE0198DFAC400017E27 /* PNLineChartData.m in Sources */,
				0A2922881A423FB300A42BC4 /* PNScatterChart.m in Sources */,
				0AF7A874182AA9F6003645C4 /* main.m in Sources */,
				91177EE4198DFAC400017E27 /* PNPieChart.m in Sources */,
				0AF7A878182AA9F6003645C4 /* PCAppDelegate.m in Sources */,
				5C9B4AA31B05BBCB00093EBE /* PNBarChart.m in Sources */,
				0A2922891A423FB300A42BC4 /* PNScatterChartData.m in Sources */,
			);
			runOnlyForDeploymentPostprocessing = 0;
		};
		3ED57DD7204F0C44003D6796 /* Sources */ = {
			isa = PBXSourcesBuildPhase;
			buildActionMask = 2147483647;
			files = (
				3ED57DFE204F0CFF003D6796 /* PNScatterChart.m in Sources */,
				3ED57DFF204F0CFF003D6796 /* PNScatterChartData.m in Sources */,
				3ED57E00204F0CFF003D6796 /* PNScatterChartDataItem.m in Sources */,
				3ED57E01204F0CFF003D6796 /* PNChartLabel.m in Sources */,
				3ED57E02204F0CFF003D6796 /* PNColor.m in Sources */,
				3ED57E03204F0CFF003D6796 /* PNBar.m in Sources */,
				3ED57E04204F0CFF003D6796 /* PNBarChart.m in Sources */,
				3ED57E10204F0DC4003D6796 /* UICountingLabel.m in Sources */,
				3ED57E05204F0CFF003D6796 /* PNCircleChart.m in Sources */,
				3ED57E06204F0CFF003D6796 /* PNLineChart.m in Sources */,
				3ED57E07204F0CFF003D6796 /* PNLineChartData.m in Sources */,
				3ED57E08204F0CFF003D6796 /* PNLineChartDataItem.m in Sources */,
				3ED57E09204F0CFF003D6796 /* PNPieChart.m in Sources */,
				3ED57E0A204F0CFF003D6796 /* PNPieChartDataItem.m in Sources */,
				3ED57E0B204F0CFF003D6796 /* PNGenericChart.m in Sources */,
				3ED57E0C204F0CFF003D6796 /* PNRadarChart.m in Sources */,
				3ED57E0D204F0CFF003D6796 /* PNRadarChartDataItem.m in Sources */,
			);
			runOnlyForDeploymentPostprocessing = 0;
		};
		6E984E4D1AE2AF2D00E817A0 /* Sources */ = {
			isa = PBXSourcesBuildPhase;
			buildActionMask = 2147483647;
			files = (
				6E984E5E1AE2B03800E817A0 /* PNBar.m in Sources */,
				6E984E5D1AE2B00600E817A0 /* PNBarChartTests.m in Sources */,
			);
			runOnlyForDeploymentPostprocessing = 0;
		};
/* End PBXSourcesBuildPhase section */

/* Begin PBXTargetDependency section */
		3ED57DE2204F0C44003D6796 /* PBXTargetDependency */ = {
			isa = PBXTargetDependency;
			target = 3ED57DDB204F0C44003D6796 /* PNChart */;
			targetProxy = 3ED57DE1204F0C44003D6796 /* PBXContainerItemProxy */;
		};
		6E984E581AE2AF2D00E817A0 /* PBXTargetDependency */ = {
			isa = PBXTargetDependency;
			target = 0AF7A863182AA9F6003645C4 /* PNChartDemo */;
			targetProxy = 6E984E571AE2AF2D00E817A0 /* PBXContainerItemProxy */;
		};
/* End PBXTargetDependency section */

/* Begin PBXVariantGroup section */
		0AF7A870182AA9F6003645C4 /* InfoPlist.strings */ = {
			isa = PBXVariantGroup;
			children = (
				0AF7A871182AA9F6003645C4 /* en */,
			);
			name = InfoPlist.strings;
			sourceTree = "<group>";
		};
		0AF7A879182AA9F6003645C4 /* Main.storyboard */ = {
			isa = PBXVariantGroup;
			children = (
				0AF7A87A182AA9F6003645C4 /* Base */,
			);
			name = Main.storyboard;
			sourceTree = "<group>";
		};
/* End PBXVariantGroup section */

/* Begin XCBuildConfiguration section */
		0AF7A894182AA9F6003645C4 /* Debug */ = {
			isa = XCBuildConfiguration;
			buildSettings = {
				ALWAYS_SEARCH_USER_PATHS = NO;
				CLANG_CXX_LANGUAGE_STANDARD = "gnu++0x";
				CLANG_CXX_LIBRARY = "libc++";
				CLANG_ENABLE_MODULES = YES;
				CLANG_ENABLE_OBJC_ARC = YES;
				CLANG_WARN_BLOCK_CAPTURE_AUTORELEASING = YES;
				CLANG_WARN_BOOL_CONVERSION = YES;
				CLANG_WARN_COMMA = YES;
				CLANG_WARN_CONSTANT_CONVERSION = YES;
				CLANG_WARN_DIRECT_OBJC_ISA_USAGE = YES_ERROR;
				CLANG_WARN_EMPTY_BODY = YES;
				CLANG_WARN_ENUM_CONVERSION = YES;
				CLANG_WARN_INFINITE_RECURSION = YES;
				CLANG_WARN_INT_CONVERSION = YES;
				CLANG_WARN_NON_LITERAL_NULL_CONVERSION = YES;
				CLANG_WARN_OBJC_LITERAL_CONVERSION = YES;
				CLANG_WARN_OBJC_ROOT_CLASS = YES_ERROR;
				CLANG_WARN_RANGE_LOOP_ANALYSIS = YES;
				CLANG_WARN_STRICT_PROTOTYPES = YES;
				CLANG_WARN_SUSPICIOUS_MOVE = YES;
				CLANG_WARN_UNREACHABLE_CODE = YES;
				CLANG_WARN__DUPLICATE_METHOD_MATCH = YES;
				"CODE_SIGN_IDENTITY[sdk=iphoneos*]" = "iPhone Developer";
				COPY_PHASE_STRIP = NO;
				ENABLE_STRICT_OBJC_MSGSEND = YES;
				ENABLE_TESTABILITY = YES;
				GCC_C_LANGUAGE_STANDARD = gnu99;
				GCC_DYNAMIC_NO_PIC = NO;
				GCC_NO_COMMON_BLOCKS = YES;
				GCC_OPTIMIZATION_LEVEL = 0;
				GCC_PREPROCESSOR_DEFINITIONS = (
					"DEBUG=1",
					"$(inherited)",
				);
				GCC_SYMBOLS_PRIVATE_EXTERN = NO;
				GCC_WARN_64_TO_32_BIT_CONVERSION = YES;
				GCC_WARN_ABOUT_RETURN_TYPE = YES_ERROR;
				GCC_WARN_UNDECLARED_SELECTOR = YES;
				GCC_WARN_UNINITIALIZED_AUTOS = YES;
				GCC_WARN_UNUSED_FUNCTION = YES;
				GCC_WARN_UNUSED_VARIABLE = YES;
				IPHONEOS_DEPLOYMENT_TARGET = 8.0;
				ONLY_ACTIVE_ARCH = YES;
				SDKROOT = iphoneos;
			};
			name = Debug;
		};
		0AF7A895182AA9F6003645C4 /* Release */ = {
			isa = XCBuildConfiguration;
			buildSettings = {
				ALWAYS_SEARCH_USER_PATHS = NO;
				CLANG_CXX_LANGUAGE_STANDARD = "gnu++0x";
				CLANG_CXX_LIBRARY = "libc++";
				CLANG_ENABLE_MODULES = YES;
				CLANG_ENABLE_OBJC_ARC = YES;
				CLANG_WARN_BLOCK_CAPTURE_AUTORELEASING = YES;
				CLANG_WARN_BOOL_CONVERSION = YES;
				CLANG_WARN_COMMA = YES;
				CLANG_WARN_CONSTANT_CONVERSION = YES;
				CLANG_WARN_DIRECT_OBJC_ISA_USAGE = YES_ERROR;
				CLANG_WARN_EMPTY_BODY = YES;
				CLANG_WARN_ENUM_CONVERSION = YES;
				CLANG_WARN_INFINITE_RECURSION = YES;
				CLANG_WARN_INT_CONVERSION = YES;
				CLANG_WARN_NON_LITERAL_NULL_CONVERSION = YES;
				CLANG_WARN_OBJC_LITERAL_CONVERSION = YES;
				CLANG_WARN_OBJC_ROOT_CLASS = YES_ERROR;
				CLANG_WARN_RANGE_LOOP_ANALYSIS = YES;
				CLANG_WARN_STRICT_PROTOTYPES = YES;
				CLANG_WARN_SUSPICIOUS_MOVE = YES;
				CLANG_WARN_UNREACHABLE_CODE = YES;
				CLANG_WARN__DUPLICATE_METHOD_MATCH = YES;
				"CODE_SIGN_IDENTITY[sdk=iphoneos*]" = "iPhone Developer";
				COPY_PHASE_STRIP = YES;
				ENABLE_NS_ASSERTIONS = NO;
				ENABLE_STRICT_OBJC_MSGSEND = YES;
				GCC_C_LANGUAGE_STANDARD = gnu99;
				GCC_NO_COMMON_BLOCKS = YES;
				GCC_WARN_64_TO_32_BIT_CONVERSION = YES;
				GCC_WARN_ABOUT_RETURN_TYPE = YES_ERROR;
				GCC_WARN_UNDECLARED_SELECTOR = YES;
				GCC_WARN_UNINITIALIZED_AUTOS = YES;
				GCC_WARN_UNUSED_FUNCTION = YES;
				GCC_WARN_UNUSED_VARIABLE = YES;
				IPHONEOS_DEPLOYMENT_TARGET = 8.0;
				SDKROOT = iphoneos;
				VALIDATE_PRODUCT = YES;
			};
			name = Release;
		};
		0AF7A897182AA9F6003645C4 /* Debug */ = {
			isa = XCBuildConfiguration;
			baseConfigurationReference = B9566E1E0D31408BDFBA8A58 /* Pods-PNChartDemo.debug.xcconfig */;
			buildSettings = {
				ASSETCATALOG_COMPILER_APPICON_NAME = AppIcon;
				CODE_SIGN_IDENTITY = "iPhone Developer";
				DEVELOPMENT_TEAM = "";
				GCC_PRECOMPILE_PREFIX_HEADER = YES;
				GCC_PREFIX_HEADER = "PNChartDemo/PNChartDemo-Prefix.pch";
				INFOPLIST_FILE = "PNChartDemo/PNChartDemo-Info.plist";
				IPHONEOS_DEPLOYMENT_TARGET = 8.0;
				LD_RUNPATH_SEARCH_PATHS = "$(inherited) @executable_path/Frameworks";
				PRODUCT_BUNDLE_IDENTIFIER = "Piner.${PRODUCT_NAME:rfc1034identifier}";
				PRODUCT_NAME = "$(TARGET_NAME)";
				TARGETED_DEVICE_FAMILY = "1,2";
				WRAPPER_EXTENSION = app;
			};
			name = Debug;
		};
		0AF7A898182AA9F6003645C4 /* Release */ = {
			isa = XCBuildConfiguration;
			baseConfigurationReference = 4C519A2B2B515B4587050D06 /* Pods-PNChartDemo.release.xcconfig */;
			buildSettings = {
				ASSETCATALOG_COMPILER_APPICON_NAME = AppIcon;
				CODE_SIGN_IDENTITY = "iPhone Developer";
				DEVELOPMENT_TEAM = "";
				GCC_PRECOMPILE_PREFIX_HEADER = YES;
				GCC_PREFIX_HEADER = "PNChartDemo/PNChartDemo-Prefix.pch";
				INFOPLIST_FILE = "PNChartDemo/PNChartDemo-Info.plist";
				IPHONEOS_DEPLOYMENT_TARGET = 8.0;
				LD_RUNPATH_SEARCH_PATHS = "$(inherited) @executable_path/Frameworks";
				PRODUCT_BUNDLE_IDENTIFIER = "Piner.${PRODUCT_NAME:rfc1034identifier}";
				PRODUCT_NAME = "$(TARGET_NAME)";
				TARGETED_DEVICE_FAMILY = "1,2";
				WRAPPER_EXTENSION = app;
			};
			name = Release;
		};
		3ED57DE5204F0C44003D6796 /* Debug */ = {
			isa = XCBuildConfiguration;
			buildSettings = {
				CLANG_ANALYZER_NONNULL = YES;
				CLANG_ANALYZER_NUMBER_OBJECT_CONVERSION = YES_AGGRESSIVE;
				CLANG_CXX_LANGUAGE_STANDARD = "gnu++14";
				CLANG_WARN_DOCUMENTATION_COMMENTS = YES;
				CLANG_WARN_UNGUARDED_AVAILABILITY = YES_AGGRESSIVE;
				CODE_SIGN_IDENTITY = "iPhone Developer";
				CODE_SIGN_STYLE = Automatic;
				CURRENT_PROJECT_VERSION = 1;
				DEBUG_INFORMATION_FORMAT = dwarf;
				DEFINES_MODULE = YES;
				DEVELOPMENT_TEAM = "";
				DYLIB_COMPATIBILITY_VERSION = 1;
				DYLIB_CURRENT_VERSION = 1;
				DYLIB_INSTALL_NAME_BASE = "@rpath";
				GCC_C_LANGUAGE_STANDARD = gnu11;
				GCC_WARN_UNINITIALIZED_AUTOS = YES_AGGRESSIVE;
				INFOPLIST_FILE = PNChart/Info.plist;
				INSTALL_PATH = "$(LOCAL_LIBRARY_DIR)/Frameworks";
				IPHONEOS_DEPLOYMENT_TARGET = 8.0;
				LD_RUNPATH_SEARCH_PATHS = "$(inherited) @executable_path/Frameworks @loader_path/Frameworks";
				MTL_ENABLE_DEBUG_INFO = YES;
				PRODUCT_BUNDLE_IDENTIFIER = Piner.PNChart;
				PRODUCT_NAME = "$(TARGET_NAME:c99extidentifier)";
				SKIP_INSTALL = YES;
				TARGETED_DEVICE_FAMILY = "1,2";
				VERSIONING_SYSTEM = "apple-generic";
				VERSION_INFO_PREFIX = "";
			};
			name = Debug;
		};
		3ED57DE6204F0C44003D6796 /* Release */ = {
			isa = XCBuildConfiguration;
			buildSettings = {
				CLANG_ANALYZER_NONNULL = YES;
				CLANG_ANALYZER_NUMBER_OBJECT_CONVERSION = YES_AGGRESSIVE;
				CLANG_CXX_LANGUAGE_STANDARD = "gnu++14";
				CLANG_WARN_DOCUMENTATION_COMMENTS = YES;
				CLANG_WARN_UNGUARDED_AVAILABILITY = YES_AGGRESSIVE;
				CODE_SIGN_IDENTITY = "iPhone Developer";
				CODE_SIGN_STYLE = Automatic;
				COPY_PHASE_STRIP = NO;
				CURRENT_PROJECT_VERSION = 1;
				DEBUG_INFORMATION_FORMAT = "dwarf-with-dsym";
				DEFINES_MODULE = YES;
				DEVELOPMENT_TEAM = "";
				DYLIB_COMPATIBILITY_VERSION = 1;
				DYLIB_CURRENT_VERSION = 1;
				DYLIB_INSTALL_NAME_BASE = "@rpath";
				GCC_C_LANGUAGE_STANDARD = gnu11;
				GCC_WARN_UNINITIALIZED_AUTOS = YES_AGGRESSIVE;
				INFOPLIST_FILE = PNChart/Info.plist;
				INSTALL_PATH = "$(LOCAL_LIBRARY_DIR)/Frameworks";
				IPHONEOS_DEPLOYMENT_TARGET = 8.0;
				LD_RUNPATH_SEARCH_PATHS = "$(inherited) @executable_path/Frameworks @loader_path/Frameworks";
				MTL_ENABLE_DEBUG_INFO = NO;
				PRODUCT_BUNDLE_IDENTIFIER = Piner.PNChart;
				PRODUCT_NAME = "$(TARGET_NAME:c99extidentifier)";
				SKIP_INSTALL = YES;
				TARGETED_DEVICE_FAMILY = "1,2";
				VERSIONING_SYSTEM = "apple-generic";
				VERSION_INFO_PREFIX = "";
			};
			name = Release;
		};
		6E984E5A1AE2AF2D00E817A0 /* Debug */ = {
			isa = XCBuildConfiguration;
			baseConfigurationReference = CE9252B3315DD709B9CE2AA4 /* Pods-PNChartTests.debug.xcconfig */;
			buildSettings = {
				BUNDLE_LOADER = "$(TEST_HOST)";
				CLANG_WARN_UNREACHABLE_CODE = YES;
				DEBUG_INFORMATION_FORMAT = "dwarf-with-dsym";
				ENABLE_STRICT_OBJC_MSGSEND = YES;
				FRAMEWORK_SEARCH_PATHS = (
					"$(SDKROOT)/Developer/Library/Frameworks",
					"$(inherited)",
				);
				GCC_NO_COMMON_BLOCKS = YES;
				GCC_PREPROCESSOR_DEFINITIONS = (
					"DEBUG=1",
					"$(inherited)",
				);
				GCC_WARN_UNINITIALIZED_AUTOS = YES_AGGRESSIVE;
				INFOPLIST_FILE = PNChartTests/Info.plist;
				IPHONEOS_DEPLOYMENT_TARGET = 8.3;
				LD_RUNPATH_SEARCH_PATHS = "$(inherited) @executable_path/Frameworks @loader_path/Frameworks";
				MTL_ENABLE_DEBUG_INFO = YES;
				PRODUCT_BUNDLE_IDENTIFIER = "vila.$(PRODUCT_NAME:rfc1034identifier)";
				PRODUCT_NAME = "$(TARGET_NAME)";
				TEST_HOST = "$(BUILT_PRODUCTS_DIR)/PNChartDemo.app/PNChartDemo";
			};
			name = Debug;
		};
		6E984E5B1AE2AF2D00E817A0 /* Release */ = {
			isa = XCBuildConfiguration;
			baseConfigurationReference = 000EA652226F7FB1694156B6 /* Pods-PNChartTests.release.xcconfig */;
			buildSettings = {
				BUNDLE_LOADER = "$(TEST_HOST)";
				CLANG_WARN_UNREACHABLE_CODE = YES;
				COPY_PHASE_STRIP = NO;
				DEBUG_INFORMATION_FORMAT = "dwarf-with-dsym";
				ENABLE_STRICT_OBJC_MSGSEND = YES;
				FRAMEWORK_SEARCH_PATHS = (
					"$(SDKROOT)/Developer/Library/Frameworks",
					"$(inherited)",
				);
				GCC_NO_COMMON_BLOCKS = YES;
				GCC_WARN_UNINITIALIZED_AUTOS = YES_AGGRESSIVE;
				INFOPLIST_FILE = PNChartTests/Info.plist;
				IPHONEOS_DEPLOYMENT_TARGET = 8.3;
				LD_RUNPATH_SEARCH_PATHS = "$(inherited) @executable_path/Frameworks @loader_path/Frameworks";
				MTL_ENABLE_DEBUG_INFO = NO;
				PRODUCT_BUNDLE_IDENTIFIER = "vila.$(PRODUCT_NAME:rfc1034identifier)";
				PRODUCT_NAME = "$(TARGET_NAME)";
				TEST_HOST = "$(BUILT_PRODUCTS_DIR)/PNChartDemo.app/PNChartDemo";
			};
			name = Release;
		};
/* End XCBuildConfiguration section */

/* Begin XCConfigurationList section */
		0AF7A85F182AA9F5003645C4 /* Build configuration list for PBXProject "PNChartDemo" */ = {
			isa = XCConfigurationList;
			buildConfigurations = (
				0AF7A894182AA9F6003645C4 /* Debug */,
				0AF7A895182AA9F6003645C4 /* Release */,
			);
			defaultConfigurationIsVisible = 0;
			defaultConfigurationName = Release;
		};
		0AF7A896182AA9F6003645C4 /* Build configuration list for PBXNativeTarget "PNChartDemo" */ = {
			isa = XCConfigurationList;
			buildConfigurations = (
				0AF7A897182AA9F6003645C4 /* Debug */,
				0AF7A898182AA9F6003645C4 /* Release */,
			);
			defaultConfigurationIsVisible = 0;
			defaultConfigurationName = Release;
		};
		3ED57DE7204F0C44003D6796 /* Build configuration list for PBXNativeTarget "PNChart" */ = {
			isa = XCConfigurationList;
			buildConfigurations = (
				3ED57DE5204F0C44003D6796 /* Debug */,
				3ED57DE6204F0C44003D6796 /* Release */,
			);
			defaultConfigurationIsVisible = 0;
			defaultConfigurationName = Release;
		};
		6E984E591AE2AF2D00E817A0 /* Build configuration list for PBXNativeTarget "PNChartTests" */ = {
			isa = XCConfigurationList;
			buildConfigurations = (
				6E984E5A1AE2AF2D00E817A0 /* Debug */,
				6E984E5B1AE2AF2D00E817A0 /* Release */,
			);
			defaultConfigurationIsVisible = 0;
			defaultConfigurationName = Release;
		};
/* End XCConfigurationList section */
	};
	rootObject = 0AF7A85C182AA9F5003645C4 /* Project object */;
}
