// !$*UTF8*$!
{
	archiveVersion = 1;
	classes = {
	};
	objectVersion = 46;
	objects = {

/* Begin PBXBuildFile section */
		0A143B53182B665000332B62 /* QuartzCore.framework in Frameworks */ = {isa = PBXBuildFile; fileRef = 0A143B52182B665000332B62 /* QuartzCore.framework */; };
		0A2922881A423FB300A42BC4 /* PNScatterChart.m in Sources */ = {isa = PBXBuildFile; fileRef = 0A2922831A423FB300A42BC4 /* PNScatterChart.m */; };
		0A2922891A423FB300A42BC4 /* PNScatterChartData.m in Sources */ = {isa = PBXBuildFile; fileRef = 0A2922851A423FB300A42BC4 /* PNScatterChartData.m */; };
		0A29228A1A423FB300A42BC4 /* PNScatterChartDataItem.m in Sources */ = {isa = PBXBuildFile; fileRef = 0A2922871A423FB300A42BC4 /* PNScatterChartDataItem.m */; };
		0AF7A868182AA9F6003645C4 /* Foundation.framework in Frameworks */ = {isa = PBXBuildFile; fileRef = 0AF7A867182AA9F6003645C4 /* Foundation.framework */; };
		0AF7A86A182AA9F6003645C4 /* CoreGraphics.framework in Frameworks */ = {isa = PBXBuildFile; fileRef = 0AF7A869182AA9F6003645C4 /* CoreGraphics.framework */; };
		0AF7A86C182AA9F6003645C4 /* UIKit.framework in Frameworks */ = {isa = PBXBuildFile; fileRef = 0AF7A86B182AA9F6003645C4 /* UIKit.framework */; };
		0AF7A872182AA9F6003645C4 /* InfoPlist.strings in Resources */ = {isa = PBXBuildFile; fileRef = 0AF7A870182AA9F6003645C4 /* InfoPlist.strings */; };
		0AF7A874182AA9F6003645C4 /* main.m in Sources */ = {isa = PBXBuildFile; fileRef = 0AF7A873182AA9F6003645C4 /* main.m */; };
		0AF7A878182AA9F6003645C4 /* PCAppDelegate.m in Sources */ = {isa = PBXBuildFile; fileRef = 0AF7A877182AA9F6003645C4 /* PCAppDelegate.m */; };
		0AF7A87B182AA9F6003645C4 /* Main.storyboard in Resources */ = {isa = PBXBuildFile; fileRef = 0AF7A879182AA9F6003645C4 /* Main.storyboard */; };
		0AF7A880182AA9F6003645C4 /* Images.xcassets in Resources */ = {isa = PBXBuildFile; fileRef = 0AF7A87F182AA9F6003645C4 /* Images.xcassets */; };
		0AF7A887182AA9F6003645C4 /* XCTest.framework in Frameworks */ = {isa = PBXBuildFile; fileRef = 0AF7A886182AA9F6003645C4 /* XCTest.framework */; };
		0AF7A888182AA9F6003645C4 /* Foundation.framework in Frameworks */ = {isa = PBXBuildFile; fileRef = 0AF7A867182AA9F6003645C4 /* Foundation.framework */; };
		0AF7A889182AA9F6003645C4 /* UIKit.framework in Frameworks */ = {isa = PBXBuildFile; fileRef = 0AF7A86B182AA9F6003645C4 /* UIKit.framework */; };
		0AF7A891182AA9F6003645C4 /* InfoPlist.strings in Resources */ = {isa = PBXBuildFile; fileRef = 0AF7A88F182AA9F6003645C4 /* InfoPlist.strings */; };
		0AF7A893182AA9F6003645C4 /* PNChartDemoTests.m in Sources */ = {isa = PBXBuildFile; fileRef = 0AF7A892182AA9F6003645C4 /* PNChartDemoTests.m */; };
		0AF7A8AF182AAEEF003645C4 /* PCChartViewController.m in Sources */ = {isa = PBXBuildFile; fileRef = 0AF7A8AE182AAEEF003645C4 /* PCChartViewController.m */; };
		91177ED8198DFAC400017E27 /* PNBar.m in Sources */ = {isa = PBXBuildFile; fileRef = 91177EC9198DFAC400017E27 /* PNBar.m */; };
		91177ED9198DFAC400017E27 /* PNBar.m in Sources */ = {isa = PBXBuildFile; fileRef = 91177EC9198DFAC400017E27 /* PNBar.m */; };
		91177EDA198DFAC400017E27 /* PNBarChart.m in Sources */ = {isa = PBXBuildFile; fileRef = 91177ECB198DFAC400017E27 /* PNBarChart.m */; };
		91177EDB198DFAC400017E27 /* PNBarChart.m in Sources */ = {isa = PBXBuildFile; fileRef = 91177ECB198DFAC400017E27 /* PNBarChart.m */; };
		91177EDC198DFAC400017E27 /* PNCircleChart.m in Sources */ = {isa = PBXBuildFile; fileRef = 91177ECD198DFAC400017E27 /* PNCircleChart.m */; };
		91177EDD198DFAC400017E27 /* PNCircleChart.m in Sources */ = {isa = PBXBuildFile; fileRef = 91177ECD198DFAC400017E27 /* PNCircleChart.m */; };
		91177EDE198DFAC400017E27 /* PNLineChart.m in Sources */ = {isa = PBXBuildFile; fileRef = 91177ECF198DFAC400017E27 /* PNLineChart.m */; };
		91177EDF198DFAC400017E27 /* PNLineChart.m in Sources */ = {isa = PBXBuildFile; fileRef = 91177ECF198DFAC400017E27 /* PNLineChart.m */; };
		91177EE0198DFAC400017E27 /* PNLineChartData.m in Sources */ = {isa = PBXBuildFile; fileRef = 91177ED1198DFAC400017E27 /* PNLineChartData.m */; };
		91177EE1198DFAC400017E27 /* PNLineChartData.m in Sources */ = {isa = PBXBuildFile; fileRef = 91177ED1198DFAC400017E27 /* PNLineChartData.m */; };
		91177EE2198DFAC400017E27 /* PNLineChartDataItem.m in Sources */ = {isa = PBXBuildFile; fileRef = 91177ED3198DFAC400017E27 /* PNLineChartDataItem.m */; };
		91177EE3198DFAC400017E27 /* PNLineChartDataItem.m in Sources */ = {isa = PBXBuildFile; fileRef = 91177ED3198DFAC400017E27 /* PNLineChartDataItem.m */; };
		91177EE4198DFAC400017E27 /* PNPieChart.m in Sources */ = {isa = PBXBuildFile; fileRef = 91177ED5198DFAC400017E27 /* PNPieChart.m */; };
		91177EE5198DFAC400017E27 /* PNPieChart.m in Sources */ = {isa = PBXBuildFile; fileRef = 91177ED5198DFAC400017E27 /* PNPieChart.m */; };
		91177EE6198DFAC400017E27 /* PNPieChartDataItem.m in Sources */ = {isa = PBXBuildFile; fileRef = 91177ED7198DFAC400017E27 /* PNPieChartDataItem.m */; };
		91177EE7198DFAC400017E27 /* PNPieChartDataItem.m in Sources */ = {isa = PBXBuildFile; fileRef = 91177ED7198DFAC400017E27 /* PNPieChartDataItem.m */; };
		9FA23B10184A5944002DBBA4 /* PCChartsTableViewController.m in Sources */ = {isa = PBXBuildFile; fileRef = 9FA23B0F184A5944002DBBA4 /* PCChartsTableViewController.m */; };
		9FE15DF8190BB014004129F5 /* PNChartLabel.m in Sources */ = {isa = PBXBuildFile; fileRef = 9FE15DE9190BB014004129F5 /* PNChartLabel.m */; };
		9FE15DFA190BB014004129F5 /* PNColor.m in Sources */ = {isa = PBXBuildFile; fileRef = 9FE15DEE190BB014004129F5 /* PNColor.m */; };
		A9C75FA61A9F1DA900A54638 /* PNGenericChart.m in Sources */ = {isa = PBXBuildFile; fileRef = A9C75FA51A9F1DA900A54638 /* PNGenericChart.m */; };
		E2C3ED5773A1409C8367CC70 /* libPods.a in Frameworks */ = {isa = PBXBuildFile; fileRef = 3BA6321352024B1FBA0158B0 /* libPods.a */; };
/* End PBXBuildFile section */

/* Begin PBXContainerItemProxy section */
		0AF7A88A182AA9F6003645C4 /* PBXContainerItemProxy */ = {
			isa = PBXContainerItemProxy;
			containerPortal = 0AF7A85C182AA9F5003645C4 /* Project object */;
			proxyType = 1;
			remoteGlobalIDString = 0AF7A863182AA9F6003645C4;
			remoteInfo = PNChartDemo;
		};
/* End PBXContainerItemProxy section */

/* Begin PBXFileReference section */
		0A143B52182B665000332B62 /* QuartzCore.framework */ = {isa = PBXFileReference; lastKnownFileType = wrapper.framework; name = QuartzCore.framework; path = System/Library/Frameworks/QuartzCore.framework; sourceTree = SDKROOT; };
		0A2922821A423FB300A42BC4 /* PNScatterChart.h */ = {isa = PBXFileReference; fileEncoding = 4; lastKnownFileType = sourcecode.c.h; path = PNScatterChart.h; sourceTree = "<group>"; };
		0A2922831A423FB300A42BC4 /* PNScatterChart.m */ = {isa = PBXFileReference; fileEncoding = 4; lastKnownFileType = sourcecode.c.objc; path = PNScatterChart.m; sourceTree = "<group>"; };
		0A2922841A423FB300A42BC4 /* PNScatterChartData.h */ = {isa = PBXFileReference; fileEncoding = 4; lastKnownFileType = sourcecode.c.h; path = PNScatterChartData.h; sourceTree = "<group>"; };
		0A2922851A423FB300A42BC4 /* PNScatterChartData.m */ = {isa = PBXFileReference; fileEncoding = 4; lastKnownFileType = sourcecode.c.objc; path = PNScatterChartData.m; sourceTree = "<group>"; };
		0A2922861A423FB300A42BC4 /* PNScatterChartDataItem.h */ = {isa = PBXFileReference; fileEncoding = 4; lastKnownFileType = sourcecode.c.h; path = PNScatterChartDataItem.h; sourceTree = "<group>"; };
		0A2922871A423FB300A42BC4 /* PNScatterChartDataItem.m */ = {isa = PBXFileReference; fileEncoding = 4; lastKnownFileType = sourcecode.c.objc; path = PNScatterChartDataItem.m; sourceTree = "<group>"; };
		0AF7A864182AA9F6003645C4 /* PNChartDemo.app */ = {isa = PBXFileReference; explicitFileType = wrapper.application; includeInIndex = 0; path = PNChartDemo.app; sourceTree = BUILT_PRODUCTS_DIR; };
		0AF7A867182AA9F6003645C4 /* Foundation.framework */ = {isa = PBXFileReference; lastKnownFileType = wrapper.framework; name = Foundation.framework; path = System/Library/Frameworks/Foundation.framework; sourceTree = SDKROOT; };
		0AF7A869182AA9F6003645C4 /* CoreGraphics.framework */ = {isa = PBXFileReference; lastKnownFileType = wrapper.framework; name = CoreGraphics.framework; path = System/Library/Frameworks/CoreGraphics.framework; sourceTree = SDKROOT; };
		0AF7A86B182AA9F6003645C4 /* UIKit.framework */ = {isa = PBXFileReference; lastKnownFileType = wrapper.framework; name = UIKit.framework; path = System/Library/Frameworks/UIKit.framework; sourceTree = SDKROOT; };
		0AF7A86F182AA9F6003645C4 /* PNChartDemo-Info.plist */ = {isa = PBXFileReference; lastKnownFileType = text.plist.xml; path = "PNChartDemo-Info.plist"; sourceTree = "<group>"; };
		0AF7A871182AA9F6003645C4 /* en */ = {isa = PBXFileReference; lastKnownFileType = text.plist.strings; name = en; path = en.lproj/InfoPlist.strings; sourceTree = "<group>"; };
		0AF7A873182AA9F6003645C4 /* main.m */ = {isa = PBXFileReference; lastKnownFileType = sourcecode.c.objc; path = main.m; sourceTree = "<group>"; };
		0AF7A875182AA9F6003645C4 /* PNChartDemo-Prefix.pch */ = {isa = PBXFileReference; lastKnownFileType = sourcecode.c.h; path = "PNChartDemo-Prefix.pch"; sourceTree = "<group>"; };
		0AF7A876182AA9F6003645C4 /* PCAppDelegate.h */ = {isa = PBXFileReference; lastKnownFileType = sourcecode.c.h; path = PCAppDelegate.h; sourceTree = "<group>"; };
		0AF7A877182AA9F6003645C4 /* PCAppDelegate.m */ = {isa = PBXFileReference; lastKnownFileType = sourcecode.c.objc; path = PCAppDelegate.m; sourceTree = "<group>"; };
		0AF7A87A182AA9F6003645C4 /* Base */ = {isa = PBXFileReference; lastKnownFileType = file.storyboard; name = Base; path = Base.lproj/Main.storyboard; sourceTree = "<group>"; };
		0AF7A87F182AA9F6003645C4 /* Images.xcassets */ = {isa = PBXFileReference; lastKnownFileType = folder.assetcatalog; path = Images.xcassets; sourceTree = "<group>"; };
		0AF7A885182AA9F6003645C4 /* PNChartDemoTests.xctest */ = {isa = PBXFileReference; explicitFileType = wrapper.cfbundle; includeInIndex = 0; path = PNChartDemoTests.xctest; sourceTree = BUILT_PRODUCTS_DIR; };
		0AF7A886182AA9F6003645C4 /* XCTest.framework */ = {isa = PBXFileReference; lastKnownFileType = wrapper.framework; name = XCTest.framework; path = Library/Frameworks/XCTest.framework; sourceTree = DEVELOPER_DIR; };
		0AF7A88E182AA9F6003645C4 /* PNChartDemoTests-Info.plist */ = {isa = PBXFileReference; lastKnownFileType = text.plist.xml; path = "PNChartDemoTests-Info.plist"; sourceTree = "<group>"; };
		0AF7A890182AA9F6003645C4 /* en */ = {isa = PBXFileReference; lastKnownFileType = text.plist.strings; name = en; path = en.lproj/InfoPlist.strings; sourceTree = "<group>"; };
		0AF7A892182AA9F6003645C4 /* PNChartDemoTests.m */ = {isa = PBXFileReference; lastKnownFileType = sourcecode.c.objc; path = PNChartDemoTests.m; sourceTree = "<group>"; };
		0AF7A8AD182AAEEF003645C4 /* PCChartViewController.h */ = {isa = PBXFileReference; fileEncoding = 4; lastKnownFileType = sourcecode.c.h; path = PCChartViewController.h; sourceTree = "<group>"; };
		0AF7A8AE182AAEEF003645C4 /* PCChartViewController.m */ = {isa = PBXFileReference; fileEncoding = 4; lastKnownFileType = sourcecode.c.objc; path = PCChartViewController.m; sourceTree = "<group>"; };
		2980CA20C29DC029B2D0B926 /* Pods.release.xcconfig */ = {isa = PBXFileReference; includeInIndex = 1; lastKnownFileType = text.xcconfig; name = Pods.release.xcconfig; path = "Pods/Target Support Files/Pods/Pods.release.xcconfig"; sourceTree = "<group>"; };
		3BA6321352024B1FBA0158B0 /* libPods.a */ = {isa = PBXFileReference; explicitFileType = archive.ar; includeInIndex = 0; path = libPods.a; sourceTree = BUILT_PRODUCTS_DIR; };
		91177EC8198DFAC400017E27 /* PNBar.h */ = {isa = PBXFileReference; fileEncoding = 4; lastKnownFileType = sourcecode.c.h; path = PNBar.h; sourceTree = "<group>"; };
		91177EC9198DFAC400017E27 /* PNBar.m */ = {isa = PBXFileReference; fileEncoding = 4; lastKnownFileType = sourcecode.c.objc; path = PNBar.m; sourceTree = "<group>"; };
		91177ECA198DFAC400017E27 /* PNBarChart.h */ = {isa = PBXFileReference; fileEncoding = 4; lastKnownFileType = sourcecode.c.h; path = PNBarChart.h; sourceTree = "<group>"; };
		91177ECB198DFAC400017E27 /* PNBarChart.m */ = {isa = PBXFileReference; fileEncoding = 4; lastKnownFileType = sourcecode.c.objc; path = PNBarChart.m; sourceTree = "<group>"; };
		91177ECC198DFAC400017E27 /* PNCircleChart.h */ = {isa = PBXFileReference; fileEncoding = 4; lastKnownFileType = sourcecode.c.h; path = PNCircleChart.h; sourceTree = "<group>"; };
		91177ECD198DFAC400017E27 /* PNCircleChart.m */ = {isa = PBXFileReference; fileEncoding = 4; lastKnownFileType = sourcecode.c.objc; path = PNCircleChart.m; sourceTree = "<group>"; };
		91177ECE198DFAC400017E27 /* PNLineChart.h */ = {isa = PBXFileReference; fileEncoding = 4; lastKnownFileType = sourcecode.c.h; path = PNLineChart.h; sourceTree = "<group>"; };
		91177ECF198DFAC400017E27 /* PNLineChart.m */ = {isa = PBXFileReference; fileEncoding = 4; lastKnownFileType = sourcecode.c.objc; path = PNLineChart.m; sourceTree = "<group>"; };
		91177ED0198DFAC400017E27 /* PNLineChartData.h */ = {isa = PBXFileReference; fileEncoding = 4; lastKnownFileType = sourcecode.c.h; path = PNLineChartData.h; sourceTree = "<group>"; };
		91177ED1198DFAC400017E27 /* PNLineChartData.m */ = {isa = PBXFileReference; fileEncoding = 4; lastKnownFileType = sourcecode.c.objc; path = PNLineChartData.m; sourceTree = "<group>"; };
		91177ED2198DFAC400017E27 /* PNLineChartDataItem.h */ = {isa = PBXFileReference; fileEncoding = 4; lastKnownFileType = sourcecode.c.h; path = PNLineChartDataItem.h; sourceTree = "<group>"; };
		91177ED3198DFAC400017E27 /* PNLineChartDataItem.m */ = {isa = PBXFileReference; fileEncoding = 4; lastKnownFileType = sourcecode.c.objc; path = PNLineChartDataItem.m; sourceTree = "<group>"; };
		91177ED4198DFAC400017E27 /* PNPieChart.h */ = {isa = PBXFileReference; fileEncoding = 4; lastKnownFileType = sourcecode.c.h; path = PNPieChart.h; sourceTree = "<group>"; };
		91177ED5198DFAC400017E27 /* PNPieChart.m */ = {isa = PBXFileReference; fileEncoding = 4; lastKnownFileType = sourcecode.c.objc; path = PNPieChart.m; sourceTree = "<group>"; };
		91177ED6198DFAC400017E27 /* PNPieChartDataItem.h */ = {isa = PBXFileReference; fileEncoding = 4; lastKnownFileType = sourcecode.c.h; path = PNPieChartDataItem.h; sourceTree = "<group>"; };
		91177ED7198DFAC400017E27 /* PNPieChartDataItem.m */ = {isa = PBXFileReference; fileEncoding = 4; lastKnownFileType = sourcecode.c.objc; path = PNPieChartDataItem.m; sourceTree = "<group>"; };
		9FA23B0E184A5944002DBBA4 /* PCChartsTableViewController.h */ = {isa = PBXFileReference; fileEncoding = 4; lastKnownFileType = sourcecode.c.h; path = PCChartsTableViewController.h; sourceTree = "<group>"; };
		9FA23B0F184A5944002DBBA4 /* PCChartsTableViewController.m */ = {isa = PBXFileReference; fileEncoding = 4; lastKnownFileType = sourcecode.c.objc; path = PCChartsTableViewController.m; sourceTree = "<group>"; };
		9FE15DE6190BB014004129F5 /* PNChart.h */ = {isa = PBXFileReference; fileEncoding = 4; lastKnownFileType = sourcecode.c.h; path = PNChart.h; sourceTree = "<group>"; };
		9FE15DE7190BB014004129F5 /* PNChartDelegate.h */ = {isa = PBXFileReference; fileEncoding = 4; lastKnownFileType = sourcecode.c.h; path = PNChartDelegate.h; sourceTree = "<group>"; };
		9FE15DE8190BB014004129F5 /* PNChartLabel.h */ = {isa = PBXFileReference; fileEncoding = 4; lastKnownFileType = sourcecode.c.h; path = PNChartLabel.h; sourceTree = "<group>"; };
		9FE15DE9190BB014004129F5 /* PNChartLabel.m */ = {isa = PBXFileReference; fileEncoding = 4; lastKnownFileType = sourcecode.c.objc; path = PNChartLabel.m; sourceTree = "<group>"; };
		9FE15DED190BB014004129F5 /* PNColor.h */ = {isa = PBXFileReference; fileEncoding = 4; lastKnownFileType = sourcecode.c.h; path = PNColor.h; sourceTree = "<group>"; };
		9FE15DEE190BB014004129F5 /* PNColor.m */ = {isa = PBXFileReference; fileEncoding = 4; lastKnownFileType = sourcecode.c.objc; path = PNColor.m; sourceTree = "<group>"; };
		A9C75FA41A9F1DA900A54638 /* PNGenericChart.h */ = {isa = PBXFileReference; fileEncoding = 4; lastKnownFileType = sourcecode.c.h; path = PNGenericChart.h; sourceTree = "<group>"; };
		A9C75FA51A9F1DA900A54638 /* PNGenericChart.m */ = {isa = PBXFileReference; fileEncoding = 4; lastKnownFileType = sourcecode.c.objc; path = PNGenericChart.m; sourceTree = "<group>"; };
		EFE4F6360943ED4001072124 /* Pods.debug.xcconfig */ = {isa = PBXFileReference; includeInIndex = 1; lastKnownFileType = text.xcconfig; name = Pods.debug.xcconfig; path = "Pods/Target Support Files/Pods/Pods.debug.xcconfig"; sourceTree = "<group>"; };
/* End PBXFileReference section */

/* Begin PBXFrameworksBuildPhase section */
		0AF7A861182AA9F6003645C4 /* Frameworks */ = {
			isa = PBXFrameworksBuildPhase;
			buildActionMask = 2147483647;
			files = (
				0A143B53182B665000332B62 /* QuartzCore.framework in Frameworks */,
				0AF7A86A182AA9F6003645C4 /* CoreGraphics.framework in Frameworks */,
				0AF7A86C182AA9F6003645C4 /* UIKit.framework in Frameworks */,
				0AF7A868182AA9F6003645C4 /* Foundation.framework in Frameworks */,
				E2C3ED5773A1409C8367CC70 /* libPods.a in Frameworks */,
			);
			runOnlyForDeploymentPostprocessing = 0;
		};
		0AF7A882182AA9F6003645C4 /* Frameworks */ = {
			isa = PBXFrameworksBuildPhase;
			buildActionMask = 2147483647;
			files = (
				0AF7A887182AA9F6003645C4 /* XCTest.framework in Frameworks */,
				0AF7A889182AA9F6003645C4 /* UIKit.framework in Frameworks */,
				0AF7A888182AA9F6003645C4 /* Foundation.framework in Frameworks */,
			);
			runOnlyForDeploymentPostprocessing = 0;
		};
/* End PBXFrameworksBuildPhase section */

/* Begin PBXGroup section */
		0AF7A85B182AA9F5003645C4 = {
			isa = PBXGroup;
			children = (
				9FE15DE0190BB014004129F5 /* PNChart */,
				0AF7A86D182AA9F6003645C4 /* PNChartDemo */,
				0AF7A88C182AA9F6003645C4 /* PNChartDemoTests */,
				0AF7A866182AA9F6003645C4 /* Frameworks */,
				0AF7A865182AA9F6003645C4 /* Products */,
				217C3505EE193E5BA78404BE /* Pods */,
			);
			sourceTree = "<group>";
		};
		0AF7A865182AA9F6003645C4 /* Products */ = {
			isa = PBXGroup;
			children = (
				0AF7A864182AA9F6003645C4 /* PNChartDemo.app */,
				0AF7A885182AA9F6003645C4 /* PNChartDemoTests.xctest */,
			);
			name = Products;
			sourceTree = "<group>";
		};
		0AF7A866182AA9F6003645C4 /* Frameworks */ = {
			isa = PBXGroup;
			children = (
				0A143B52182B665000332B62 /* QuartzCore.framework */,
				0AF7A867182AA9F6003645C4 /* Foundation.framework */,
				0AF7A869182AA9F6003645C4 /* CoreGraphics.framework */,
				0AF7A86B182AA9F6003645C4 /* UIKit.framework */,
				0AF7A886182AA9F6003645C4 /* XCTest.framework */,
				3BA6321352024B1FBA0158B0 /* libPods.a */,
			);
			name = Frameworks;
			sourceTree = "<group>";
		};
		0AF7A86D182AA9F6003645C4 /* PNChartDemo */ = {
			isa = PBXGroup;
			children = (
				0AF7A8B0182AAEF3003645C4 /* PCChartViewController */,
				0AF7A876182AA9F6003645C4 /* PCAppDelegate.h */,
				0AF7A877182AA9F6003645C4 /* PCAppDelegate.m */,
				0AF7A879182AA9F6003645C4 /* Main.storyboard */,
				0AF7A87F182AA9F6003645C4 /* Images.xcassets */,
				0AF7A86E182AA9F6003645C4 /* Supporting Files */,
			);
			path = PNChartDemo;
			sourceTree = "<group>";
		};
		0AF7A86E182AA9F6003645C4 /* Supporting Files */ = {
			isa = PBXGroup;
			children = (
				0AF7A86F182AA9F6003645C4 /* PNChartDemo-Info.plist */,
				0AF7A870182AA9F6003645C4 /* InfoPlist.strings */,
				0AF7A873182AA9F6003645C4 /* main.m */,
				0AF7A875182AA9F6003645C4 /* PNChartDemo-Prefix.pch */,
			);
			name = "Supporting Files";
			sourceTree = "<group>";
		};
		0AF7A88C182AA9F6003645C4 /* PNChartDemoTests */ = {
			isa = PBXGroup;
			children = (
				0AF7A892182AA9F6003645C4 /* PNChartDemoTests.m */,
				0AF7A88D182AA9F6003645C4 /* Supporting Files */,
			);
			path = PNChartDemoTests;
			sourceTree = "<group>";
		};
		0AF7A88D182AA9F6003645C4 /* Supporting Files */ = {
			isa = PBXGroup;
			children = (
				0AF7A88E182AA9F6003645C4 /* PNChartDemoTests-Info.plist */,
				0AF7A88F182AA9F6003645C4 /* InfoPlist.strings */,
			);
			name = "Supporting Files";
			sourceTree = "<group>";
		};
		0AF7A8B0182AAEF3003645C4 /* PCChartViewController */ = {
			isa = PBXGroup;
			children = (
				0AF7A8AD182AAEEF003645C4 /* PCChartViewController.h */,
				0AF7A8AE182AAEEF003645C4 /* PCChartViewController.m */,
				9FA23B0E184A5944002DBBA4 /* PCChartsTableViewController.h */,
				9FA23B0F184A5944002DBBA4 /* PCChartsTableViewController.m */,
			);
			name = PCChartViewController;
			sourceTree = "<group>";
		};
		217C3505EE193E5BA78404BE /* Pods */ = {
			isa = PBXGroup;
			children = (
				EFE4F6360943ED4001072124 /* Pods.debug.xcconfig */,
				2980CA20C29DC029B2D0B926 /* Pods.release.xcconfig */,
			);
			name = Pods;
			sourceTree = "<group>";
		};
		9FE15DE0190BB014004129F5 /* PNChart */ = {
			isa = PBXGroup;
			children = (
				0A2922821A423FB300A42BC4 /* PNScatterChart.h */,
				0A2922831A423FB300A42BC4 /* PNScatterChart.m */,
				0A2922841A423FB300A42BC4 /* PNScatterChartData.h */,
				0A2922851A423FB300A42BC4 /* PNScatterChartData.m */,
				0A2922861A423FB300A42BC4 /* PNScatterChartDataItem.h */,
				0A2922871A423FB300A42BC4 /* PNScatterChartDataItem.m */,
				9FE15DE6190BB014004129F5 /* PNChart.h */,
				9FE15DE7190BB014004129F5 /* PNChartDelegate.h */,
				9FE15DE8190BB014004129F5 /* PNChartLabel.h */,
				9FE15DE9190BB014004129F5 /* PNChartLabel.m */,
				9FE15DED190BB014004129F5 /* PNColor.h */,
				9FE15DEE190BB014004129F5 /* PNColor.m */,
				91177EC8198DFAC400017E27 /* PNBar.h */,
				91177EC9198DFAC400017E27 /* PNBar.m */,
				91177ECA198DFAC400017E27 /* PNBarChart.h */,
				91177ECB198DFAC400017E27 /* PNBarChart.m */,
				91177ECC198DFAC400017E27 /* PNCircleChart.h */,
				91177ECD198DFAC400017E27 /* PNCircleChart.m */,
				91177ECE198DFAC400017E27 /* PNLineChart.h */,
				91177ECF198DFAC400017E27 /* PNLineChart.m */,
				91177ED0198DFAC400017E27 /* PNLineChartData.h */,
				91177ED1198DFAC400017E27 /* PNLineChartData.m */,
				91177ED2198DFAC400017E27 /* PNLineChartDataItem.h */,
				91177ED3198DFAC400017E27 /* PNLineChartDataItem.m */,
				91177ED4198DFAC400017E27 /* PNPieChart.h */,
				91177ED5198DFAC400017E27 /* PNPieChart.m */,
				91177ED6198DFAC400017E27 /* PNPieChartDataItem.h */,
				91177ED7198DFAC400017E27 /* PNPieChartDataItem.m */,
				A9C75FA41A9F1DA900A54638 /* PNGenericChart.h */,
				A9C75FA51A9F1DA900A54638 /* PNGenericChart.m */,
			);
			path = PNChart;
			sourceTree = "<group>";
		};
/* End PBXGroup section */

/* Begin PBXNativeTarget section */
		0AF7A863182AA9F6003645C4 /* PNChartDemo */ = {
			isa = PBXNativeTarget;
			buildConfigurationList = 0AF7A896182AA9F6003645C4 /* Build configuration list for PBXNativeTarget "PNChartDemo" */;
			buildPhases = (
				AE92DF55A4F844AB9D718B75 /* Check Pods Manifest.lock */,
				0AF7A860182AA9F6003645C4 /* Sources */,
				0AF7A861182AA9F6003645C4 /* Frameworks */,
				0AF7A862182AA9F6003645C4 /* Resources */,
				D88503D158FE4481990323A3 /* Copy Pods Resources */,
			);
			buildRules = (
			);
			dependencies = (
			);
			name = PNChartDemo;
			productName = PNChartDemo;
			productReference = 0AF7A864182AA9F6003645C4 /* PNChartDemo.app */;
			productType = "com.apple.product-type.application";
		};
		0AF7A884182AA9F6003645C4 /* PNChartDemoTests */ = {
			isa = PBXNativeTarget;
			buildConfigurationList = 0AF7A899182AA9F6003645C4 /* Build configuration list for PBXNativeTarget "PNChartDemoTests" */;
			buildPhases = (
				0AF7A881182AA9F6003645C4 /* Sources */,
				0AF7A882182AA9F6003645C4 /* Frameworks */,
				0AF7A883182AA9F6003645C4 /* Resources */,
			);
			buildRules = (
			);
			dependencies = (
				0AF7A88B182AA9F6003645C4 /* PBXTargetDependency */,
			);
			name = PNChartDemoTests;
			productName = PNChartDemoTests;
			productReference = 0AF7A885182AA9F6003645C4 /* PNChartDemoTests.xctest */;
			productType = "com.apple.product-type.bundle.unit-test";
		};
/* End PBXNativeTarget section */

/* Begin PBXProject section */
		0AF7A85C182AA9F5003645C4 /* Project object */ = {
			isa = PBXProject;
			attributes = {
				CLASSPREFIX = PC;
				LastUpgradeCheck = 0510;
				ORGANIZATIONNAME = kevinzhow;
				TargetAttributes = {
					0AF7A884182AA9F6003645C4 = {
						TestTargetID = 0AF7A863182AA9F6003645C4;
					};
				};
			};
			buildConfigurationList = 0AF7A85F182AA9F5003645C4 /* Build configuration list for PBXProject "PNChartDemo" */;
			compatibilityVersion = "Xcode 3.2";
			developmentRegion = English;
			hasScannedForEncodings = 0;
			knownRegions = (
				en,
				Base,
			);
			mainGroup = 0AF7A85B182AA9F5003645C4;
			productRefGroup = 0AF7A865182AA9F6003645C4 /* Products */;
			projectDirPath = "";
			projectRoot = "";
			targets = (
				0AF7A863182AA9F6003645C4 /* PNChartDemo */,
				0AF7A884182AA9F6003645C4 /* PNChartDemoTests */,
			);
		};
/* End PBXProject section */

/* Begin PBXResourcesBuildPhase section */
		0AF7A862182AA9F6003645C4 /* Resources */ = {
			isa = PBXResourcesBuildPhase;
			buildActionMask = 2147483647;
			files = (
				0AF7A880182AA9F6003645C4 /* Images.xcassets in Resources */,
				0AF7A872182AA9F6003645C4 /* InfoPlist.strings in Resources */,
				0AF7A87B182AA9F6003645C4 /* Main.storyboard in Resources */,
			);
			runOnlyForDeploymentPostprocessing = 0;
		};
		0AF7A883182AA9F6003645C4 /* Resources */ = {
			isa = PBXResourcesBuildPhase;
			buildActionMask = 2147483647;
			files = (
				0AF7A891182AA9F6003645C4 /* InfoPlist.strings in Resources */,
			);
			runOnlyForDeploymentPostprocessing = 0;
		};
/* End PBXResourcesBuildPhase section */

/* Begin PBXShellScriptBuildPhase section */
		AE92DF55A4F844AB9D718B75 /* Check Pods Manifest.lock */ = {
			isa = PBXShellScriptBuildPhase;
			buildActionMask = 2147483647;
			files = (
			);
			inputPaths = (
			);
			name = "Check Pods Manifest.lock";
			outputPaths = (
			);
			runOnlyForDeploymentPostprocessing = 0;
			shellPath = /bin/sh;
			shellScript = "diff \"${PODS_ROOT}/../Podfile.lock\" \"${PODS_ROOT}/Manifest.lock\" > /dev/null\nif [[ $? != 0 ]] ; then\n    cat << EOM\nerror: The sandbox is not in sync with the Podfile.lock. Run 'pod install' or update your CocoaPods installation.\nEOM\n    exit 1\nfi\n";
			showEnvVarsInLog = 0;
		};
		D88503D158FE4481990323A3 /* Copy Pods Resources */ = {
			isa = PBXShellScriptBuildPhase;
			buildActionMask = 2147483647;
			files = (
			);
			inputPaths = (
			);
			name = "Copy Pods Resources";
			outputPaths = (
			);
			runOnlyForDeploymentPostprocessing = 0;
			shellPath = /bin/sh;
			shellScript = "\"${SRCROOT}/Pods/Target Support Files/Pods/Pods-resources.sh\"\n";
			showEnvVarsInLog = 0;
		};
/* End PBXShellScriptBuildPhase section */

/* Begin PBXSourcesBuildPhase section */
		0AF7A860182AA9F6003645C4 /* Sources */ = {
			isa = PBXSourcesBuildPhase;
			buildActionMask = 2147483647;
			files = (
				91177EDE198DFAC400017E27 /* PNLineChart.m in Sources */,
				9FE15DF8190BB014004129F5 /* PNChartLabel.m in Sources */,
				91177EDC198DFAC400017E27 /* PNCircleChart.m in Sources */,
				9FE15DFA190BB014004129F5 /* PNColor.m in Sources */,
				91177ED8198DFAC400017E27 /* PNBar.m in Sources */,
				91177EE2198DFAC400017E27 /* PNLineChartDataItem.m in Sources */,
				0AF7A8AF182AAEEF003645C4 /* PCChartViewController.m in Sources */,
				0A29228A1A423FB300A42BC4 /* PNScatterChartDataItem.m in Sources */,
				A9C75FA61A9F1DA900A54638 /* PNGenericChart.m in Sources */,
				91177EDA198DFAC400017E27 /* PNBarChart.m in Sources */,
				91177EE6198DFAC400017E27 /* PNPieChartDataItem.m in Sources */,
				9FA23B10184A5944002DBBA4 /* PCChartsTableViewController.m in Sources */,
				91177EE0198DFAC400017E27 /* PNLineChartData.m in Sources */,
				0A2922881A423FB300A42BC4 /* PNScatterChart.m in Sources */,
				0AF7A874182AA9F6003645C4 /* main.m in Sources */,
				91177EE4198DFAC400017E27 /* PNPieChart.m in Sources */,
				0AF7A878182AA9F6003645C4 /* PCAppDelegate.m in Sources */,
				0A2922891A423FB300A42BC4 /* PNScatterChartData.m in Sources */,
			);
			runOnlyForDeploymentPostprocessing = 0;
		};
		0AF7A881182AA9F6003645C4 /* Sources */ = {
			isa = PBXSourcesBuildPhase;
			buildActionMask = 2147483647;
			files = (
				91177EE7198DFAC400017E27 /* PNPieChartDataItem.m in Sources */,
				91177EE1198DFAC400017E27 /* PNLineChartData.m in Sources */,
				91177EDF198DFAC400017E27 /* PNLineChart.m in Sources */,
				91177EDD198DFAC400017E27 /* PNCircleChart.m in Sources */,
				91177EE3198DFAC400017E27 /* PNLineChartDataItem.m in Sources */,
				0AF7A893182AA9F6003645C4 /* PNChartDemoTests.m in Sources */,
				91177EE5198DFAC400017E27 /* PNPieChart.m in Sources */,
				91177EDB198DFAC400017E27 /* PNBarChart.m in Sources */,
				91177ED9198DFAC400017E27 /* PNBar.m in Sources */,
			);
			runOnlyForDeploymentPostprocessing = 0;
		};
/* End PBXSourcesBuildPhase section */

/* Begin PBXTargetDependency section */
		0AF7A88B182AA9F6003645C4 /* PBXTargetDependency */ = {
			isa = PBXTargetDependency;
			target = 0AF7A863182AA9F6003645C4 /* PNChartDemo */;
			targetProxy = 0AF7A88A182AA9F6003645C4 /* PBXContainerItemProxy */;
		};
/* End PBXTargetDependency section */

/* Begin PBXVariantGroup section */
		0AF7A870182AA9F6003645C4 /* InfoPlist.strings */ = {
			isa = PBXVariantGroup;
			children = (
				0AF7A871182AA9F6003645C4 /* en */,
			);
			name = InfoPlist.strings;
			sourceTree = "<group>";
		};
		0AF7A879182AA9F6003645C4 /* Main.storyboard */ = {
			isa = PBXVariantGroup;
			children = (
				0AF7A87A182AA9F6003645C4 /* Base */,
			);
			name = Main.storyboard;
			sourceTree = "<group>";
		};
		0AF7A88F182AA9F6003645C4 /* InfoPlist.strings */ = {
			isa = PBXVariantGroup;
			children = (
				0AF7A890182AA9F6003645C4 /* en */,
			);
			name = InfoPlist.strings;
			sourceTree = "<group>";
		};
/* End PBXVariantGroup section */

/* Begin XCBuildConfiguration section */
		0AF7A894182AA9F6003645C4 /* Debug */ = {
			isa = XCBuildConfiguration;
			buildSettings = {
				ALWAYS_SEARCH_USER_PATHS = NO;
				CLANG_CXX_LANGUAGE_STANDARD = "gnu++0x";
				CLANG_CXX_LIBRARY = "libc++";
				CLANG_ENABLE_MODULES = YES;
				CLANG_ENABLE_OBJC_ARC = YES;
				CLANG_WARN_BOOL_CONVERSION = YES;
				CLANG_WARN_CONSTANT_CONVERSION = YES;
				CLANG_WARN_DIRECT_OBJC_ISA_USAGE = YES_ERROR;
				CLANG_WARN_EMPTY_BODY = YES;
				CLANG_WARN_ENUM_CONVERSION = YES;
				CLANG_WARN_INT_CONVERSION = YES;
				CLANG_WARN_OBJC_ROOT_CLASS = YES_ERROR;
				CLANG_WARN__DUPLICATE_METHOD_MATCH = YES;
				"CODE_SIGN_IDENTITY[sdk=iphoneos*]" = "iPhone Developer";
				COPY_PHASE_STRIP = NO;
				GCC_C_LANGUAGE_STANDARD = gnu99;
				GCC_DYNAMIC_NO_PIC = NO;
				GCC_OPTIMIZATION_LEVEL = 0;
				GCC_PREPROCESSOR_DEFINITIONS = (
					"DEBUG=1",
					"$(inherited)",
				);
				GCC_SYMBOLS_PRIVATE_EXTERN = NO;
				GCC_WARN_64_TO_32_BIT_CONVERSION = YES;
				GCC_WARN_ABOUT_RETURN_TYPE = YES_ERROR;
				GCC_WARN_UNDECLARED_SELECTOR = YES;
				GCC_WARN_UNINITIALIZED_AUTOS = YES;
				GCC_WARN_UNUSED_FUNCTION = YES;
				GCC_WARN_UNUSED_VARIABLE = YES;
				IPHONEOS_DEPLOYMENT_TARGET = 7.0;
				ONLY_ACTIVE_ARCH = YES;
				SDKROOT = iphoneos;
			};
			name = Debug;
		};
		0AF7A895182AA9F6003645C4 /* Release */ = {
			isa = XCBuildConfiguration;
			buildSettings = {
				ALWAYS_SEARCH_USER_PATHS = NO;
				CLANG_CXX_LANGUAGE_STANDARD = "gnu++0x";
				CLANG_CXX_LIBRARY = "libc++";
				CLANG_ENABLE_MODULES = YES;
				CLANG_ENABLE_OBJC_ARC = YES;
				CLANG_WARN_BOOL_CONVERSION = YES;
				CLANG_WARN_CONSTANT_CONVERSION = YES;
				CLANG_WARN_DIRECT_OBJC_ISA_USAGE = YES_ERROR;
				CLANG_WARN_EMPTY_BODY = YES;
				CLANG_WARN_ENUM_CONVERSION = YES;
				CLANG_WARN_INT_CONVERSION = YES;
				CLANG_WARN_OBJC_ROOT_CLASS = YES_ERROR;
				CLANG_WARN__DUPLICATE_METHOD_MATCH = YES;
				"CODE_SIGN_IDENTITY[sdk=iphoneos*]" = "iPhone Developer";
				COPY_PHASE_STRIP = YES;
				ENABLE_NS_ASSERTIONS = NO;
				GCC_C_LANGUAGE_STANDARD = gnu99;
				GCC_WARN_64_TO_32_BIT_CONVERSION = YES;
				GCC_WARN_ABOUT_RETURN_TYPE = YES_ERROR;
				GCC_WARN_UNDECLARED_SELECTOR = YES;
				GCC_WARN_UNINITIALIZED_AUTOS = YES;
				GCC_WARN_UNUSED_FUNCTION = YES;
				GCC_WARN_UNUSED_VARIABLE = YES;
				IPHONEOS_DEPLOYMENT_TARGET = 7.0;
				SDKROOT = iphoneos;
				VALIDATE_PRODUCT = YES;
			};
			name = Release;
		};
		0AF7A897182AA9F6003645C4 /* Debug */ = {
			isa = XCBuildConfiguration;
			baseConfigurationReference = EFE4F6360943ED4001072124 /* Pods.debug.xcconfig */;
			buildSettings = {
				ASSETCATALOG_COMPILER_APPICON_NAME = AppIcon;
				ASSETCATALOG_COMPILER_LAUNCHIMAGE_NAME = LaunchImage;
				GCC_PRECOMPILE_PREFIX_HEADER = YES;
				GCC_PREFIX_HEADER = "PNChartDemo/PNChartDemo-Prefix.pch";
				INFOPLIST_FILE = "PNChartDemo/PNChartDemo-Info.plist";
				IPHONEOS_DEPLOYMENT_TARGET = 6.0;
				PRODUCT_NAME = "$(TARGET_NAME)";
				WRAPPER_EXTENSION = app;
			};
			name = Debug;
		};
		0AF7A898182AA9F6003645C4 /* Release */ = {
			isa = XCBuildConfiguration;
			baseConfigurationReference = 2980CA20C29DC029B2D0B926 /* Pods.release.xcconfig */;
			buildSettings = {
				ASSETCATALOG_COMPILER_APPICON_NAME = AppIcon;
				ASSETCATALOG_COMPILER_LAUNCHIMAGE_NAME = LaunchImage;
				GCC_PRECOMPILE_PREFIX_HEADER = YES;
				GCC_PREFIX_HEADER = "PNChartDemo/PNChartDemo-Prefix.pch";
				INFOPLIST_FILE = "PNChartDemo/PNChartDemo-Info.plist";
				IPHONEOS_DEPLOYMENT_TARGET = 6.0;
				PRODUCT_NAME = "$(TARGET_NAME)";
				WRAPPER_EXTENSION = app;
			};
			name = Release;
		};
		0AF7A89A182AA9F6003645C4 /* Debug */ = {
			isa = XCBuildConfiguration;
			baseConfigurationReference = EFE4F6360943ED4001072124 /* Pods.debug.xcconfig */;
			buildSettings = {
				BUNDLE_LOADER = "$(BUILT_PRODUCTS_DIR)/PNChartDemo.app/PNChartDemo";
				FRAMEWORK_SEARCH_PATHS = (
					"$(SDKROOT)/Developer/Library/Frameworks",
					"$(inherited)",
					"$(DEVELOPER_FRAMEWORKS_DIR)",
				);
				GCC_PRECOMPILE_PREFIX_HEADER = YES;
				GCC_PREFIX_HEADER = "PNChartDemo/PNChartDemo-Prefix.pch";
				GCC_PREPROCESSOR_DEFINITIONS = (
					"DEBUG=1",
					"$(inherited)",
				);
				INFOPLIST_FILE = "PNChartDemoTests/PNChartDemoTests-Info.plist";
				PRODUCT_NAME = "$(TARGET_NAME)";
				TEST_HOST = "$(BUNDLE_LOADER)";
				WRAPPER_EXTENSION = xctest;
			};
			name = Debug;
		};
		0AF7A89B182AA9F6003645C4 /* Release */ = {
			isa = XCBuildConfiguration;
			baseConfigurationReference = 2980CA20C29DC029B2D0B926 /* Pods.release.xcconfig */;
			buildSettings = {
				BUNDLE_LOADER = "$(BUILT_PRODUCTS_DIR)/PNChartDemo.app/PNChartDemo";
				FRAMEWORK_SEARCH_PATHS = (
					"$(SDKROOT)/Developer/Library/Frameworks",
					"$(inherited)",
					"$(DEVELOPER_FRAMEWORKS_DIR)",
				);
				GCC_PRECOMPILE_PREFIX_HEADER = YES;
				GCC_PREFIX_HEADER = "PNChartDemo/PNChartDemo-Prefix.pch";
				INFOPLIST_FILE = "PNChartDemoTests/PNChartDemoTests-Info.plist";
				PRODUCT_NAME = "$(TARGET_NAME)";
				TEST_HOST = "$(BUNDLE_LOADER)";
				WRAPPER_EXTENSION = xctest;
			};
			name = Release;
		};
/* End XCBuildConfiguration section */

/* Begin XCConfigurationList section */
		0AF7A85F182AA9F5003645C4 /* Build configuration list for PBXProject "PNChartDemo" */ = {
			isa = XCConfigurationList;
			buildConfigurations = (
				0AF7A894182AA9F6003645C4 /* Debug */,
				0AF7A895182AA9F6003645C4 /* Release */,
			);
			defaultConfigurationIsVisible = 0;
			defaultConfigurationName = Release;
		};
		0AF7A896182AA9F6003645C4 /* Build configuration list for PBXNativeTarget "PNChartDemo" */ = {
			isa = XCConfigurationList;
			buildConfigurations = (
				0AF7A897182AA9F6003645C4 /* Debug */,
				0AF7A898182AA9F6003645C4 /* Release */,
			);
			defaultConfigurationIsVisible = 0;
			defaultConfigurationName = Release;
		};
		0AF7A899182AA9F6003645C4 /* Build configuration list for PBXNativeTarget "PNChartDemoTests" */ = {
			isa = XCConfigurationList;
			buildConfigurations = (
				0AF7A89A182AA9F6003645C4 /* Debug */,
				0AF7A89B182AA9F6003645C4 /* Release */,
			);
			defaultConfigurationIsVisible = 0;
			defaultConfigurationName = Release;
		};
/* End XCConfigurationList section */
	};
	rootObject = 0AF7A85C182AA9F5003645C4 /* Project object */;
}
